// !$*UTF8*$!
{
	archiveVersion = 1;
	classes = {
	};
	objectVersion = 55;
	objects = {

/* Begin PBXBuildFile section */
		4A0724552918B615005AA8B7 /* MainViewModel.swift in Sources */ = {isa = PBXBuildFile; fileRef = 4A0724542918B615005AA8B7 /* MainViewModel.swift */; };
		4A0724572918B647005AA8B7 /* MainTopView.swift in Sources */ = {isa = PBXBuildFile; fileRef = 4A0724562918B647005AA8B7 /* MainTopView.swift */; };
		4A0724592918B970005AA8B7 /* View+Extension.swift in Sources */ = {isa = PBXBuildFile; fileRef = 4A0724582918B970005AA8B7 /* View+Extension.swift */; };
		4A08421028EA99FA003E70A4 /* DreamCalendarApp.swift in Sources */ = {isa = PBXBuildFile; fileRef = 4A08420F28EA99FA003E70A4 /* DreamCalendarApp.swift */; };
		4A08421228EA99FA003E70A4 /* ContentView.swift in Sources */ = {isa = PBXBuildFile; fileRef = 4A08421128EA99FA003E70A4 /* ContentView.swift */; };
		4A08421428EA99FB003E70A4 /* Assets.xcassets in Resources */ = {isa = PBXBuildFile; fileRef = 4A08421328EA99FB003E70A4 /* Assets.xcassets */; };
		4A08421728EA99FB003E70A4 /* Preview Assets.xcassets in Resources */ = {isa = PBXBuildFile; fileRef = 4A08421628EA99FB003E70A4 /* Preview Assets.xcassets */; };
		4A08421928EA99FB003E70A4 /* Persistence.swift in Sources */ = {isa = PBXBuildFile; fileRef = 4A08421828EA99FB003E70A4 /* Persistence.swift */; };
		4A08421C28EA99FB003E70A4 /* DreamCalendar.xcdatamodeld in Sources */ = {isa = PBXBuildFile; fileRef = 4A08421A28EA99FB003E70A4 /* DreamCalendar.xcdatamodeld */; };
		4A08422628EA99FC003E70A4 /* DreamCalendarTests.swift in Sources */ = {isa = PBXBuildFile; fileRef = 4A08422528EA99FC003E70A4 /* DreamCalendarTests.swift */; };
		4A08423028EA99FC003E70A4 /* DreamCalendarUITests.swift in Sources */ = {isa = PBXBuildFile; fileRef = 4A08422F28EA99FC003E70A4 /* DreamCalendarUITests.swift */; };
		4A08423228EA99FC003E70A4 /* DreamCalendarUITestsLaunchTests.swift in Sources */ = {isa = PBXBuildFile; fileRef = 4A08423128EA99FC003E70A4 /* DreamCalendarUITestsLaunchTests.swift */; };
		4A27D0D729289050007FC2DD /* SchduleAdditionView.swift in Sources */ = {isa = PBXBuildFile; fileRef = 4A27D0D629289050007FC2DD /* SchduleAdditionView.swift */; };
		4A27D0DA2928A217007FC2DD /* MainTopMiddleView.swift in Sources */ = {isa = PBXBuildFile; fileRef = 4A27D0D92928A217007FC2DD /* MainTopMiddleView.swift */; };
		4A27D0DC2928A224007FC2DD /* MainTopLeftView.swift in Sources */ = {isa = PBXBuildFile; fileRef = 4A27D0DB2928A224007FC2DD /* MainTopLeftView.swift */; };
		4A27D0DE2928A249007FC2DD /* MainTopRightView.swift in Sources */ = {isa = PBXBuildFile; fileRef = 4A27D0DD2928A249007FC2DD /* MainTopRightView.swift */; };
		4A3CFC1B2910B0780034F4BA /* MainView.swift in Sources */ = {isa = PBXBuildFile; fileRef = 4A3CFC1A2910B0780034F4BA /* MainView.swift */; };
		4A3CFC1E2910B4730034F4BA /* Color+Extension.swift in Sources */ = {isa = PBXBuildFile; fileRef = 4A3CFC1D2910B4730034F4BA /* Color+Extension.swift */; };
		4A62B22528EAA04500FBE1F6 /* CalendarUI.framework in Frameworks */ = {isa = PBXBuildFile; fileRef = 4A62B21D28EAA04500FBE1F6 /* CalendarUI.framework */; };
		4A62B22C28EAA04500FBE1F6 /* CalendarUITests.swift in Sources */ = {isa = PBXBuildFile; fileRef = 4A62B22B28EAA04500FBE1F6 /* CalendarUITests.swift */; };
		4A62B23028EAA04500FBE1F6 /* CalendarUI.framework in Frameworks */ = {isa = PBXBuildFile; fileRef = 4A62B21D28EAA04500FBE1F6 /* CalendarUI.framework */; };
		4A62B23128EAA04500FBE1F6 /* CalendarUI.framework in Embed Frameworks */ = {isa = PBXBuildFile; fileRef = 4A62B21D28EAA04500FBE1F6 /* CalendarUI.framework */; settings = {ATTRIBUTES = (CodeSignOnCopy, RemoveHeadersOnCopy, ); }; };
		4A62B23928EAA05F00FBE1F6 /* CalendarView.swift in Sources */ = {isa = PBXBuildFile; fileRef = 4A62B23828EAA05F00FBE1F6 /* CalendarView.swift */; };
		4A62B23B28EAA0AF00FBE1F6 /* CalendarUI.h in Headers */ = {isa = PBXBuildFile; fileRef = 4A62B23A28EAA0AF00FBE1F6 /* CalendarUI.h */; };
		4A62B23D28EBEDD000FBE1F6 /* Color+Extension.swift in Sources */ = {isa = PBXBuildFile; fileRef = 4A62B23C28EBEDD000FBE1F6 /* Color+Extension.swift */; };
		4A62B23F28EBEDE600FBE1F6 /* Date+Extension.swift in Sources */ = {isa = PBXBuildFile; fileRef = 4A62B23E28EBEDE600FBE1F6 /* Date+Extension.swift */; };
		4A62B24128EBEE0400FBE1F6 /* Font+Extension.swift in Sources */ = {isa = PBXBuildFile; fileRef = 4A62B24028EBEE0400FBE1F6 /* Font+Extension.swift */; };
		4A62B24528EBEE6200FBE1F6 /* Month.swift in Sources */ = {isa = PBXBuildFile; fileRef = 4A62B24428EBEE6200FBE1F6 /* Month.swift */; };
		4A62B24728EBEE6700FBE1F6 /* Week.swift in Sources */ = {isa = PBXBuildFile; fileRef = 4A62B24628EBEE6700FBE1F6 /* Week.swift */; };
		4A62B24928EBEE6C00FBE1F6 /* Days.swift in Sources */ = {isa = PBXBuildFile; fileRef = 4A62B24828EBEE6C00FBE1F6 /* Days.swift */; };
		4A62B24C28EBEEE300FBE1F6 /* WeekdayView.swift in Sources */ = {isa = PBXBuildFile; fileRef = 4A62B24B28EBEEE300FBE1F6 /* WeekdayView.swift */; };
		4A62B24E28EBEF0500FBE1F6 /* WeekView.swift in Sources */ = {isa = PBXBuildFile; fileRef = 4A62B24D28EBEF0500FBE1F6 /* WeekView.swift */; };
		4A7F783229640C8B00DA543B /* LoginView.swift in Sources */ = {isa = PBXBuildFile; fileRef = 4A7F783129640C8B00DA543B /* LoginView.swift */; };
		4A7F783429682DEB00DA543B /* LoginViewModel.swift in Sources */ = {isa = PBXBuildFile; fileRef = 4A7F783329682DEB00DA543B /* LoginViewModel.swift */; };
		4A7F78362968311500DA543B /* AccountConfirmButton.swift in Sources */ = {isa = PBXBuildFile; fileRef = 4A7F78352968311500DA543B /* AccountConfirmButton.swift */; };
		4A7F78382968312C00DA543B /* AccountInputField.swift in Sources */ = {isa = PBXBuildFile; fileRef = 4A7F78372968312C00DA543B /* AccountInputField.swift */; };
		4A7F783A297FC19700DA543B /* UIScreen+Extension.swift in Sources */ = {isa = PBXBuildFile; fileRef = 4A7F7839297FC19700DA543B /* UIScreen+Extension.swift */; };
		4AAC0A452931D9DB009CB29C /* TimeInfo.swift in Sources */ = {isa = PBXBuildFile; fileRef = 4AAC0A442931D9DB009CB29C /* TimeInfo.swift */; };
		4AAC0A472931DA06009CB29C /* DateStringView.swift in Sources */ = {isa = PBXBuildFile; fileRef = 4AAC0A462931DA06009CB29C /* DateStringView.swift */; };
		4AAC0A492931DBB5009CB29C /* Tag+Extension.swift in Sources */ = {isa = PBXBuildFile; fileRef = 4AAC0A482931DBB5009CB29C /* Tag+Extension.swift */; };
		4AAC0A4B2931DCDE009CB29C /* Tag+Extension.swift in Sources */ = {isa = PBXBuildFile; fileRef = 4AAC0A4A2931DCDE009CB29C /* Tag+Extension.swift */; };
		4ACF64632920C19F00D335A3 /* Schedule.swift in Sources */ = {isa = PBXBuildFile; fileRef = 4ACF64622920C19F00D335A3 /* Schedule.swift */; };
		4AD0058F2954290500041173 /* TagType.swift in Sources */ = {isa = PBXBuildFile; fileRef = 4AD0058E2954290500041173 /* TagType.swift */; };
		4AD00591295967E000041173 /* ScheduleAdditionViewModel.swift in Sources */ = {isa = PBXBuildFile; fileRef = 4AD00590295967E000041173 /* ScheduleAdditionViewModel.swift */; };
		4AD00593295982CA00041173 /* Alert+Extension.swift in Sources */ = {isa = PBXBuildFile; fileRef = 4AD00592295982CA00041173 /* Alert+Extension.swift */; };
		4AD005BF29598D5700041173 /* PersistentContainer.swift in Sources */ = {isa = PBXBuildFile; fileRef = 4AD005BE29598D5700041173 /* PersistentContainer.swift */; };
		4AD005F22959927100041173 /* TagUpdateLog+CoreDataClass.swift in Sources */ = {isa = PBXBuildFile; fileRef = 4AD005E82959927100041173 /* TagUpdateLog+CoreDataClass.swift */; };
		4AD005F32959927100041173 /* TagUpdateLog+CoreDataProperties.swift in Sources */ = {isa = PBXBuildFile; fileRef = 4AD005E92959927100041173 /* TagUpdateLog+CoreDataProperties.swift */; };
		4AD005F62959927100041173 /* ScheduleUpdateLog+CoreDataClass.swift in Sources */ = {isa = PBXBuildFile; fileRef = 4AD005EC2959927100041173 /* ScheduleUpdateLog+CoreDataClass.swift */; };
		4AD005F72959927100041173 /* ScheduleUpdateLog+CoreDataProperties.swift in Sources */ = {isa = PBXBuildFile; fileRef = 4AD005ED2959927100041173 /* ScheduleUpdateLog+CoreDataProperties.swift */; };
		4AD005F82959927100041173 /* HolidayAnniversary+CoreDataClass.swift in Sources */ = {isa = PBXBuildFile; fileRef = 4AD005EE2959927100041173 /* HolidayAnniversary+CoreDataClass.swift */; };
		4AD005F92959927100041173 /* HolidayAnniversary+CoreDataProperties.swift in Sources */ = {isa = PBXBuildFile; fileRef = 4AD005EF2959927100041173 /* HolidayAnniversary+CoreDataProperties.swift */; };
		4AD005FA2959927100041173 /* Tag+CoreDataClass.swift in Sources */ = {isa = PBXBuildFile; fileRef = 4AD005F02959927100041173 /* Tag+CoreDataClass.swift */; };
		4AD005FB2959927100041173 /* Tag+CoreDataProperties.swift in Sources */ = {isa = PBXBuildFile; fileRef = 4AD005F12959927100041173 /* Tag+CoreDataProperties.swift */; };
		4AD005FE295992A900041173 /* Schedule+CoreDataClass.swift in Sources */ = {isa = PBXBuildFile; fileRef = 4AD005FC295992A900041173 /* Schedule+CoreDataClass.swift */; };
		4AD005FF295992A900041173 /* Schedule+CoreDataProperties.swift in Sources */ = {isa = PBXBuildFile; fileRef = 4AD005FD295992A900041173 /* Schedule+CoreDataProperties.swift */; };
		4AD96EF82928B76A00C31C06 /* Date+Extension.swift in Sources */ = {isa = PBXBuildFile; fileRef = 4AD96EF72928B76A00C31C06 /* Date+Extension.swift */; };
		4AF36EB32981184A00338B7A /* HalfSheetController.swift in Sources */ = {isa = PBXBuildFile; fileRef = 4AF36EB22981184A00338B7A /* HalfSheetController.swift */; };
		4AF36EB62981190600338B7A /* DayScheduleListView.swift in Sources */ = {isa = PBXBuildFile; fileRef = 4AF36EB52981190600338B7A /* DayScheduleListView.swift */; };
/* End PBXBuildFile section */

/* Begin PBXContainerItemProxy section */
		4A08422228EA99FB003E70A4 /* PBXContainerItemProxy */ = {
			isa = PBXContainerItemProxy;
			containerPortal = 4A08420428EA99FA003E70A4 /* Project object */;
			proxyType = 1;
			remoteGlobalIDString = 4A08420B28EA99FA003E70A4;
			remoteInfo = DreamCalendar;
		};
		4A08422C28EA99FC003E70A4 /* PBXContainerItemProxy */ = {
			isa = PBXContainerItemProxy;
			containerPortal = 4A08420428EA99FA003E70A4 /* Project object */;
			proxyType = 1;
			remoteGlobalIDString = 4A08420B28EA99FA003E70A4;
			remoteInfo = DreamCalendar;
		};
		4A62B22628EAA04500FBE1F6 /* PBXContainerItemProxy */ = {
			isa = PBXContainerItemProxy;
			containerPortal = 4A08420428EA99FA003E70A4 /* Project object */;
			proxyType = 1;
			remoteGlobalIDString = 4A62B21C28EAA04500FBE1F6;
			remoteInfo = CalendarUI;
		};
		4A62B22828EAA04500FBE1F6 /* PBXContainerItemProxy */ = {
			isa = PBXContainerItemProxy;
			containerPortal = 4A08420428EA99FA003E70A4 /* Project object */;
			proxyType = 1;
			remoteGlobalIDString = 4A08420B28EA99FA003E70A4;
			remoteInfo = DreamCalendar;
		};
		4A62B22E28EAA04500FBE1F6 /* PBXContainerItemProxy */ = {
			isa = PBXContainerItemProxy;
			containerPortal = 4A08420428EA99FA003E70A4 /* Project object */;
			proxyType = 1;
			remoteGlobalIDString = 4A62B21C28EAA04500FBE1F6;
			remoteInfo = CalendarUI;
		};
/* End PBXContainerItemProxy section */

/* Begin PBXCopyFilesBuildPhase section */
		4A08425028EA9A14003E70A4 /* Embed Frameworks */ = {
			isa = PBXCopyFilesBuildPhase;
			buildActionMask = 2147483647;
			dstPath = "";
			dstSubfolderSpec = 10;
			files = (
				4A62B23128EAA04500FBE1F6 /* CalendarUI.framework in Embed Frameworks */,
			);
			name = "Embed Frameworks";
			runOnlyForDeploymentPostprocessing = 0;
		};
/* End PBXCopyFilesBuildPhase section */

/* Begin PBXFileReference section */
		4A0724542918B615005AA8B7 /* MainViewModel.swift */ = {isa = PBXFileReference; lastKnownFileType = sourcecode.swift; path = MainViewModel.swift; sourceTree = "<group>"; };
		4A0724562918B647005AA8B7 /* MainTopView.swift */ = {isa = PBXFileReference; lastKnownFileType = sourcecode.swift; path = MainTopView.swift; sourceTree = "<group>"; };
		4A0724582918B970005AA8B7 /* View+Extension.swift */ = {isa = PBXFileReference; lastKnownFileType = sourcecode.swift; path = "View+Extension.swift"; sourceTree = "<group>"; };
		4A08420C28EA99FA003E70A4 /* DreamCalendar.app */ = {isa = PBXFileReference; explicitFileType = wrapper.application; includeInIndex = 0; path = DreamCalendar.app; sourceTree = BUILT_PRODUCTS_DIR; };
		4A08420F28EA99FA003E70A4 /* DreamCalendarApp.swift */ = {isa = PBXFileReference; lastKnownFileType = sourcecode.swift; path = DreamCalendarApp.swift; sourceTree = "<group>"; };
		4A08421128EA99FA003E70A4 /* ContentView.swift */ = {isa = PBXFileReference; lastKnownFileType = sourcecode.swift; path = ContentView.swift; sourceTree = "<group>"; };
		4A08421328EA99FB003E70A4 /* Assets.xcassets */ = {isa = PBXFileReference; lastKnownFileType = folder.assetcatalog; path = Assets.xcassets; sourceTree = "<group>"; };
		4A08421628EA99FB003E70A4 /* Preview Assets.xcassets */ = {isa = PBXFileReference; lastKnownFileType = folder.assetcatalog; path = "Preview Assets.xcassets"; sourceTree = "<group>"; };
		4A08421828EA99FB003E70A4 /* Persistence.swift */ = {isa = PBXFileReference; lastKnownFileType = sourcecode.swift; path = Persistence.swift; sourceTree = "<group>"; };
		4A08421B28EA99FB003E70A4 /* DreamCalendar.xcdatamodel */ = {isa = PBXFileReference; lastKnownFileType = wrapper.xcdatamodel; path = DreamCalendar.xcdatamodel; sourceTree = "<group>"; };
		4A08422128EA99FB003E70A4 /* DreamCalendarTests.xctest */ = {isa = PBXFileReference; explicitFileType = wrapper.cfbundle; includeInIndex = 0; path = DreamCalendarTests.xctest; sourceTree = BUILT_PRODUCTS_DIR; };
		4A08422528EA99FC003E70A4 /* DreamCalendarTests.swift */ = {isa = PBXFileReference; lastKnownFileType = sourcecode.swift; path = DreamCalendarTests.swift; sourceTree = "<group>"; };
		4A08422B28EA99FC003E70A4 /* DreamCalendarUITests.xctest */ = {isa = PBXFileReference; explicitFileType = wrapper.cfbundle; includeInIndex = 0; path = DreamCalendarUITests.xctest; sourceTree = BUILT_PRODUCTS_DIR; };
		4A08422F28EA99FC003E70A4 /* DreamCalendarUITests.swift */ = {isa = PBXFileReference; lastKnownFileType = sourcecode.swift; path = DreamCalendarUITests.swift; sourceTree = "<group>"; };
		4A08423128EA99FC003E70A4 /* DreamCalendarUITestsLaunchTests.swift */ = {isa = PBXFileReference; lastKnownFileType = sourcecode.swift; path = DreamCalendarUITestsLaunchTests.swift; sourceTree = "<group>"; };
		4A27D0D629289050007FC2DD /* SchduleAdditionView.swift */ = {isa = PBXFileReference; lastKnownFileType = sourcecode.swift; path = SchduleAdditionView.swift; sourceTree = "<group>"; };
		4A27D0D92928A217007FC2DD /* MainTopMiddleView.swift */ = {isa = PBXFileReference; lastKnownFileType = sourcecode.swift; path = MainTopMiddleView.swift; sourceTree = "<group>"; };
		4A27D0DB2928A224007FC2DD /* MainTopLeftView.swift */ = {isa = PBXFileReference; lastKnownFileType = sourcecode.swift; path = MainTopLeftView.swift; sourceTree = "<group>"; };
		4A27D0DD2928A249007FC2DD /* MainTopRightView.swift */ = {isa = PBXFileReference; lastKnownFileType = sourcecode.swift; path = MainTopRightView.swift; sourceTree = "<group>"; };
		4A3CFC1A2910B0780034F4BA /* MainView.swift */ = {isa = PBXFileReference; lastKnownFileType = sourcecode.swift; path = MainView.swift; sourceTree = "<group>"; };
		4A3CFC1D2910B4730034F4BA /* Color+Extension.swift */ = {isa = PBXFileReference; lastKnownFileType = sourcecode.swift; path = "Color+Extension.swift"; sourceTree = "<group>"; };
		4A62B21D28EAA04500FBE1F6 /* CalendarUI.framework */ = {isa = PBXFileReference; explicitFileType = wrapper.framework; includeInIndex = 0; path = CalendarUI.framework; sourceTree = BUILT_PRODUCTS_DIR; };
		4A62B22428EAA04500FBE1F6 /* CalendarUITests.xctest */ = {isa = PBXFileReference; explicitFileType = wrapper.cfbundle; includeInIndex = 0; path = CalendarUITests.xctest; sourceTree = BUILT_PRODUCTS_DIR; };
		4A62B22B28EAA04500FBE1F6 /* CalendarUITests.swift */ = {isa = PBXFileReference; lastKnownFileType = sourcecode.swift; path = CalendarUITests.swift; sourceTree = "<group>"; };
		4A62B23828EAA05F00FBE1F6 /* CalendarView.swift */ = {isa = PBXFileReference; lastKnownFileType = sourcecode.swift; path = CalendarView.swift; sourceTree = "<group>"; };
		4A62B23A28EAA0AF00FBE1F6 /* CalendarUI.h */ = {isa = PBXFileReference; fileEncoding = 4; lastKnownFileType = sourcecode.c.h; path = CalendarUI.h; sourceTree = "<group>"; };
		4A62B23C28EBEDD000FBE1F6 /* Color+Extension.swift */ = {isa = PBXFileReference; lastKnownFileType = sourcecode.swift; path = "Color+Extension.swift"; sourceTree = "<group>"; };
		4A62B23E28EBEDE600FBE1F6 /* Date+Extension.swift */ = {isa = PBXFileReference; lastKnownFileType = sourcecode.swift; path = "Date+Extension.swift"; sourceTree = "<group>"; };
		4A62B24028EBEE0400FBE1F6 /* Font+Extension.swift */ = {isa = PBXFileReference; lastKnownFileType = sourcecode.swift; path = "Font+Extension.swift"; sourceTree = "<group>"; };
		4A62B24428EBEE6200FBE1F6 /* Month.swift */ = {isa = PBXFileReference; lastKnownFileType = sourcecode.swift; path = Month.swift; sourceTree = "<group>"; };
		4A62B24628EBEE6700FBE1F6 /* Week.swift */ = {isa = PBXFileReference; lastKnownFileType = sourcecode.swift; path = Week.swift; sourceTree = "<group>"; };
		4A62B24828EBEE6C00FBE1F6 /* Days.swift */ = {isa = PBXFileReference; lastKnownFileType = sourcecode.swift; path = Days.swift; sourceTree = "<group>"; };
		4A62B24B28EBEEE300FBE1F6 /* WeekdayView.swift */ = {isa = PBXFileReference; lastKnownFileType = sourcecode.swift; path = WeekdayView.swift; sourceTree = "<group>"; };
		4A62B24D28EBEF0500FBE1F6 /* WeekView.swift */ = {isa = PBXFileReference; lastKnownFileType = sourcecode.swift; path = WeekView.swift; sourceTree = "<group>"; };
		4A7F783129640C8B00DA543B /* LoginView.swift */ = {isa = PBXFileReference; lastKnownFileType = sourcecode.swift; path = LoginView.swift; sourceTree = "<group>"; };
		4A7F783329682DEB00DA543B /* LoginViewModel.swift */ = {isa = PBXFileReference; lastKnownFileType = sourcecode.swift; path = LoginViewModel.swift; sourceTree = "<group>"; };
		4A7F78352968311500DA543B /* AccountConfirmButton.swift */ = {isa = PBXFileReference; lastKnownFileType = sourcecode.swift; path = AccountConfirmButton.swift; sourceTree = "<group>"; };
		4A7F78372968312C00DA543B /* AccountInputField.swift */ = {isa = PBXFileReference; lastKnownFileType = sourcecode.swift; path = AccountInputField.swift; sourceTree = "<group>"; };
		4A7F7839297FC19700DA543B /* UIScreen+Extension.swift */ = {isa = PBXFileReference; lastKnownFileType = sourcecode.swift; path = "UIScreen+Extension.swift"; sourceTree = "<group>"; };
		4AAC0A442931D9DB009CB29C /* TimeInfo.swift */ = {isa = PBXFileReference; lastKnownFileType = sourcecode.swift; path = TimeInfo.swift; sourceTree = "<group>"; };
		4AAC0A462931DA06009CB29C /* DateStringView.swift */ = {isa = PBXFileReference; lastKnownFileType = sourcecode.swift; path = DateStringView.swift; sourceTree = "<group>"; };
		4AAC0A482931DBB5009CB29C /* Tag+Extension.swift */ = {isa = PBXFileReference; lastKnownFileType = sourcecode.swift; path = "Tag+Extension.swift"; sourceTree = "<group>"; };
		4AAC0A4A2931DCDE009CB29C /* Tag+Extension.swift */ = {isa = PBXFileReference; lastKnownFileType = sourcecode.swift; path = "Tag+Extension.swift"; sourceTree = "<group>"; };
		4ACF64622920C19F00D335A3 /* Schedule.swift */ = {isa = PBXFileReference; lastKnownFileType = sourcecode.swift; path = Schedule.swift; sourceTree = "<group>"; };
		4AD0058E2954290500041173 /* TagType.swift */ = {isa = PBXFileReference; lastKnownFileType = sourcecode.swift; path = TagType.swift; sourceTree = "<group>"; };
		4AD00590295967E000041173 /* ScheduleAdditionViewModel.swift */ = {isa = PBXFileReference; lastKnownFileType = sourcecode.swift; path = ScheduleAdditionViewModel.swift; sourceTree = "<group>"; };
		4AD00592295982CA00041173 /* Alert+Extension.swift */ = {isa = PBXFileReference; lastKnownFileType = sourcecode.swift; path = "Alert+Extension.swift"; sourceTree = "<group>"; };
		4AD005BE29598D5700041173 /* PersistentContainer.swift */ = {isa = PBXFileReference; lastKnownFileType = sourcecode.swift; path = PersistentContainer.swift; sourceTree = "<group>"; };
		4AD005E82959927100041173 /* TagUpdateLog+CoreDataClass.swift */ = {isa = PBXFileReference; lastKnownFileType = sourcecode.swift; path = "TagUpdateLog+CoreDataClass.swift"; sourceTree = "<group>"; };
		4AD005E92959927100041173 /* TagUpdateLog+CoreDataProperties.swift */ = {isa = PBXFileReference; lastKnownFileType = sourcecode.swift; path = "TagUpdateLog+CoreDataProperties.swift"; sourceTree = "<group>"; };
		4AD005EC2959927100041173 /* ScheduleUpdateLog+CoreDataClass.swift */ = {isa = PBXFileReference; lastKnownFileType = sourcecode.swift; path = "ScheduleUpdateLog+CoreDataClass.swift"; sourceTree = "<group>"; };
		4AD005ED2959927100041173 /* ScheduleUpdateLog+CoreDataProperties.swift */ = {isa = PBXFileReference; lastKnownFileType = sourcecode.swift; path = "ScheduleUpdateLog+CoreDataProperties.swift"; sourceTree = "<group>"; };
		4AD005EE2959927100041173 /* HolidayAnniversary+CoreDataClass.swift */ = {isa = PBXFileReference; lastKnownFileType = sourcecode.swift; path = "HolidayAnniversary+CoreDataClass.swift"; sourceTree = "<group>"; };
		4AD005EF2959927100041173 /* HolidayAnniversary+CoreDataProperties.swift */ = {isa = PBXFileReference; lastKnownFileType = sourcecode.swift; path = "HolidayAnniversary+CoreDataProperties.swift"; sourceTree = "<group>"; };
		4AD005F02959927100041173 /* Tag+CoreDataClass.swift */ = {isa = PBXFileReference; lastKnownFileType = sourcecode.swift; path = "Tag+CoreDataClass.swift"; sourceTree = "<group>"; };
		4AD005F12959927100041173 /* Tag+CoreDataProperties.swift */ = {isa = PBXFileReference; lastKnownFileType = sourcecode.swift; path = "Tag+CoreDataProperties.swift"; sourceTree = "<group>"; };
		4AD005FC295992A900041173 /* Schedule+CoreDataClass.swift */ = {isa = PBXFileReference; lastKnownFileType = sourcecode.swift; path = "Schedule+CoreDataClass.swift"; sourceTree = "<group>"; };
		4AD005FD295992A900041173 /* Schedule+CoreDataProperties.swift */ = {isa = PBXFileReference; lastKnownFileType = sourcecode.swift; path = "Schedule+CoreDataProperties.swift"; sourceTree = "<group>"; };
		4AD96EF72928B76A00C31C06 /* Date+Extension.swift */ = {isa = PBXFileReference; lastKnownFileType = sourcecode.swift; path = "Date+Extension.swift"; sourceTree = "<group>"; };
		4AF36EB22981184A00338B7A /* HalfSheetController.swift */ = {isa = PBXFileReference; lastKnownFileType = sourcecode.swift; path = HalfSheetController.swift; sourceTree = "<group>"; };
		4AF36EB52981190600338B7A /* DayScheduleListView.swift */ = {isa = PBXFileReference; lastKnownFileType = sourcecode.swift; path = DayScheduleListView.swift; sourceTree = "<group>"; };
/* End PBXFileReference section */

/* Begin PBXFrameworksBuildPhase section */
		4A08420928EA99FA003E70A4 /* Frameworks */ = {
			isa = PBXFrameworksBuildPhase;
			buildActionMask = 2147483647;
			files = (
				4A62B23028EAA04500FBE1F6 /* CalendarUI.framework in Frameworks */,
			);
			runOnlyForDeploymentPostprocessing = 0;
		};
		4A08421E28EA99FB003E70A4 /* Frameworks */ = {
			isa = PBXFrameworksBuildPhase;
			buildActionMask = 2147483647;
			files = (
			);
			runOnlyForDeploymentPostprocessing = 0;
		};
		4A08422828EA99FC003E70A4 /* Frameworks */ = {
			isa = PBXFrameworksBuildPhase;
			buildActionMask = 2147483647;
			files = (
			);
			runOnlyForDeploymentPostprocessing = 0;
		};
		4A62B21A28EAA04500FBE1F6 /* Frameworks */ = {
			isa = PBXFrameworksBuildPhase;
			buildActionMask = 2147483647;
			files = (
			);
			runOnlyForDeploymentPostprocessing = 0;
		};
		4A62B22128EAA04500FBE1F6 /* Frameworks */ = {
			isa = PBXFrameworksBuildPhase;
			buildActionMask = 2147483647;
			files = (
				4A62B22528EAA04500FBE1F6 /* CalendarUI.framework in Frameworks */,
			);
			runOnlyForDeploymentPostprocessing = 0;
		};
/* End PBXFrameworksBuildPhase section */

/* Begin PBXGroup section */
		4A0724512918B5E7005AA8B7 /* Scene */ = {
			isa = PBXGroup;
			children = (
				4A7F783029640C7A00DA543B /* Account */,
				4AD0058D295428FB00041173 /* Model */,
				4A27D0D529288FB3007FC2DD /* ScheduleAddition */,
				4A0724532918B607005AA8B7 /* Main */,
			);
			path = Scene;
			sourceTree = "<group>";
		};
		4A0724532918B607005AA8B7 /* Main */ = {
			isa = PBXGroup;
			children = (
				4AF36EB4298118BD00338B7A /* DayScheduleList */,
				4A27D0D82928A205007FC2DD /* MainTop */,
				4A0724542918B615005AA8B7 /* MainViewModel.swift */,
				4A3CFC1A2910B0780034F4BA /* MainView.swift */,
			);
			path = Main;
			sourceTree = "<group>";
		};
		4A08420328EA99FA003E70A4 = {
			isa = PBXGroup;
			children = (
				4AD005A929598C9800041173 /* Models */,
				4A08420E28EA99FA003E70A4 /* DreamCalendar */,
				4A08422428EA99FB003E70A4 /* DreamCalendarTests */,
				4A08422E28EA99FC003E70A4 /* DreamCalendarUITests */,
				4A62B21E28EAA04500FBE1F6 /* CalendarUI */,
				4A62B22A28EAA04500FBE1F6 /* CalendarUITests */,
				4A08420D28EA99FA003E70A4 /* Products */,
			);
			sourceTree = "<group>";
		};
		4A08420D28EA99FA003E70A4 /* Products */ = {
			isa = PBXGroup;
			children = (
				4A08420C28EA99FA003E70A4 /* DreamCalendar.app */,
				4A08422128EA99FB003E70A4 /* DreamCalendarTests.xctest */,
				4A08422B28EA99FC003E70A4 /* DreamCalendarUITests.xctest */,
				4A62B21D28EAA04500FBE1F6 /* CalendarUI.framework */,
				4A62B22428EAA04500FBE1F6 /* CalendarUITests.xctest */,
			);
			name = Products;
			sourceTree = "<group>";
		};
		4A08420E28EA99FA003E70A4 /* DreamCalendar */ = {
			isa = PBXGroup;
			children = (
				4AD0059429598B9D00041173 /* Network */,
				4A0724512918B5E7005AA8B7 /* Scene */,
				4A3CFC1C2910B45D0034F4BA /* Extensions */,
				4A08420F28EA99FA003E70A4 /* DreamCalendarApp.swift */,
				4A08421128EA99FA003E70A4 /* ContentView.swift */,
				4A08421828EA99FB003E70A4 /* Persistence.swift */,
				4A08421328EA99FB003E70A4 /* Assets.xcassets */,
				4A08421A28EA99FB003E70A4 /* DreamCalendar.xcdatamodeld */,
				4A08421528EA99FB003E70A4 /* Preview Content */,
			);
			path = DreamCalendar;
			sourceTree = "<group>";
		};
		4A08421528EA99FB003E70A4 /* Preview Content */ = {
			isa = PBXGroup;
			children = (
				4A08421628EA99FB003E70A4 /* Preview Assets.xcassets */,
			);
			path = "Preview Content";
			sourceTree = "<group>";
		};
		4A08422428EA99FB003E70A4 /* DreamCalendarTests */ = {
			isa = PBXGroup;
			children = (
				4A08422528EA99FC003E70A4 /* DreamCalendarTests.swift */,
			);
			path = DreamCalendarTests;
			sourceTree = "<group>";
		};
		4A08422E28EA99FC003E70A4 /* DreamCalendarUITests */ = {
			isa = PBXGroup;
			children = (
				4A08422F28EA99FC003E70A4 /* DreamCalendarUITests.swift */,
				4A08423128EA99FC003E70A4 /* DreamCalendarUITestsLaunchTests.swift */,
			);
			path = DreamCalendarUITests;
			sourceTree = "<group>";
		};
		4A27D0D529288FB3007FC2DD /* ScheduleAddition */ = {
			isa = PBXGroup;
			children = (
				4A27D0D629289050007FC2DD /* SchduleAdditionView.swift */,
				4AD00590295967E000041173 /* ScheduleAdditionViewModel.swift */,
				4AAC0A462931DA06009CB29C /* DateStringView.swift */,
			);
			path = ScheduleAddition;
			sourceTree = "<group>";
		};
		4A27D0D82928A205007FC2DD /* MainTop */ = {
			isa = PBXGroup;
			children = (
				4A0724562918B647005AA8B7 /* MainTopView.swift */,
				4A27D0DB2928A224007FC2DD /* MainTopLeftView.swift */,
				4A27D0D92928A217007FC2DD /* MainTopMiddleView.swift */,
				4A27D0DD2928A249007FC2DD /* MainTopRightView.swift */,
			);
			path = MainTop;
			sourceTree = "<group>";
		};
		4A3CFC1C2910B45D0034F4BA /* Extensions */ = {
			isa = PBXGroup;
			children = (
				4A3CFC1D2910B4730034F4BA /* Color+Extension.swift */,
				4A0724582918B970005AA8B7 /* View+Extension.swift */,
				4AD96EF72928B76A00C31C06 /* Date+Extension.swift */,
				4AAC0A482931DBB5009CB29C /* Tag+Extension.swift */,
				4AD00592295982CA00041173 /* Alert+Extension.swift */,
			);
			path = Extensions;
			sourceTree = "<group>";
		};
		4A62B21E28EAA04500FBE1F6 /* CalendarUI */ = {
			isa = PBXGroup;
			children = (
				4A62B24A28EBEED500FBE1F6 /* Views */,
				4A62B24328EBEE2D00FBE1F6 /* Models */,
				4A62B24228EBEE1400FBE1F6 /* Extensions */,
				4A62B23A28EAA0AF00FBE1F6 /* CalendarUI.h */,
			);
			path = CalendarUI;
			sourceTree = "<group>";
		};
		4A62B22A28EAA04500FBE1F6 /* CalendarUITests */ = {
			isa = PBXGroup;
			children = (
				4A62B22B28EAA04500FBE1F6 /* CalendarUITests.swift */,
			);
			path = CalendarUITests;
			sourceTree = "<group>";
		};
		4A62B24228EBEE1400FBE1F6 /* Extensions */ = {
			isa = PBXGroup;
			children = (
				4A62B23C28EBEDD000FBE1F6 /* Color+Extension.swift */,
				4A62B23E28EBEDE600FBE1F6 /* Date+Extension.swift */,
				4A62B24028EBEE0400FBE1F6 /* Font+Extension.swift */,
				4AAC0A4A2931DCDE009CB29C /* Tag+Extension.swift */,
				4A7F7839297FC19700DA543B /* UIScreen+Extension.swift */,
			);
			path = Extensions;
			sourceTree = "<group>";
		};
		4A62B24328EBEE2D00FBE1F6 /* Models */ = {
			isa = PBXGroup;
			children = (
				4A62B24428EBEE6200FBE1F6 /* Month.swift */,
				4A62B24628EBEE6700FBE1F6 /* Week.swift */,
				4A62B24828EBEE6C00FBE1F6 /* Days.swift */,
				4ACF64622920C19F00D335A3 /* Schedule.swift */,
			);
			path = Models;
			sourceTree = "<group>";
		};
		4A62B24A28EBEED500FBE1F6 /* Views */ = {
			isa = PBXGroup;
			children = (
				4A62B23828EAA05F00FBE1F6 /* CalendarView.swift */,
				4A62B24B28EBEEE300FBE1F6 /* WeekdayView.swift */,
				4A62B24D28EBEF0500FBE1F6 /* WeekView.swift */,
			);
			path = Views;
			sourceTree = "<group>";
		};
		4A7F783029640C7A00DA543B /* Account */ = {
			isa = PBXGroup;
			children = (
				4A7F783129640C8B00DA543B /* LoginView.swift */,
				4A7F783329682DEB00DA543B /* LoginViewModel.swift */,
				4A7F78352968311500DA543B /* AccountConfirmButton.swift */,
				4A7F78372968312C00DA543B /* AccountInputField.swift */,
			);
			path = Account;
			sourceTree = "<group>";
		};
		4AD0058D295428FB00041173 /* Model */ = {
			isa = PBXGroup;
			children = (
				4AD0058E2954290500041173 /* TagType.swift */,
				4AAC0A442931D9DB009CB29C /* TimeInfo.swift */,
			);
			path = Model;
			sourceTree = "<group>";
		};
		4AD0059429598B9D00041173 /* Network */ = {
			isa = PBXGroup;
			children = (
				4AD005BE29598D5700041173 /* PersistentContainer.swift */,
			);
			path = Network;
			sourceTree = "<group>";
		};
		4AD005A929598C9800041173 /* Models */ = {
			isa = PBXGroup;
			children = (
				4AD005FC295992A900041173 /* Schedule+CoreDataClass.swift */,
				4AD005FD295992A900041173 /* Schedule+CoreDataProperties.swift */,
				4AD005E82959927100041173 /* TagUpdateLog+CoreDataClass.swift */,
				4AD005E92959927100041173 /* TagUpdateLog+CoreDataProperties.swift */,
				4AD005EC2959927100041173 /* ScheduleUpdateLog+CoreDataClass.swift */,
				4AD005ED2959927100041173 /* ScheduleUpdateLog+CoreDataProperties.swift */,
				4AD005EE2959927100041173 /* HolidayAnniversary+CoreDataClass.swift */,
				4AD005EF2959927100041173 /* HolidayAnniversary+CoreDataProperties.swift */,
				4AD005F02959927100041173 /* Tag+CoreDataClass.swift */,
				4AD005F12959927100041173 /* Tag+CoreDataProperties.swift */,
			);
			path = Models;
			sourceTree = "<group>";
		};
		4AF36EB4298118BD00338B7A /* DayScheduleList */ = {
			isa = PBXGroup;
			children = (
				4AF36EB22981184A00338B7A /* HalfSheetController.swift */,
				4AF36EB52981190600338B7A /* DayScheduleListView.swift */,
			);
			path = DayScheduleList;
			sourceTree = "<group>";
		};
/* End PBXGroup section */

/* Begin PBXHeadersBuildPhase section */
		4A62B21828EAA04500FBE1F6 /* Headers */ = {
			isa = PBXHeadersBuildPhase;
			buildActionMask = 2147483647;
			files = (
				4A62B23B28EAA0AF00FBE1F6 /* CalendarUI.h in Headers */,
			);
			runOnlyForDeploymentPostprocessing = 0;
		};
/* End PBXHeadersBuildPhase section */

/* Begin PBXNativeTarget section */
		4A08420B28EA99FA003E70A4 /* DreamCalendar */ = {
			isa = PBXNativeTarget;
			buildConfigurationList = 4A08423528EA99FC003E70A4 /* Build configuration list for PBXNativeTarget "DreamCalendar" */;
			buildPhases = (
				4A08420828EA99FA003E70A4 /* Sources */,
				4A08420928EA99FA003E70A4 /* Frameworks */,
				4A08420A28EA99FA003E70A4 /* Resources */,
				4A08425028EA9A14003E70A4 /* Embed Frameworks */,
			);
			buildRules = (
			);
			dependencies = (
				4A62B22F28EAA04500FBE1F6 /* PBXTargetDependency */,
			);
			name = DreamCalendar;
			productName = DreamCalendar;
			productReference = 4A08420C28EA99FA003E70A4 /* DreamCalendar.app */;
			productType = "com.apple.product-type.application";
		};
		4A08422028EA99FB003E70A4 /* DreamCalendarTests */ = {
			isa = PBXNativeTarget;
			buildConfigurationList = 4A08423828EA99FC003E70A4 /* Build configuration list for PBXNativeTarget "DreamCalendarTests" */;
			buildPhases = (
				4A08421D28EA99FB003E70A4 /* Sources */,
				4A08421E28EA99FB003E70A4 /* Frameworks */,
				4A08421F28EA99FB003E70A4 /* Resources */,
			);
			buildRules = (
			);
			dependencies = (
				4A08422328EA99FB003E70A4 /* PBXTargetDependency */,
			);
			name = DreamCalendarTests;
			productName = DreamCalendarTests;
			productReference = 4A08422128EA99FB003E70A4 /* DreamCalendarTests.xctest */;
			productType = "com.apple.product-type.bundle.unit-test";
		};
		4A08422A28EA99FC003E70A4 /* DreamCalendarUITests */ = {
			isa = PBXNativeTarget;
			buildConfigurationList = 4A08423B28EA99FC003E70A4 /* Build configuration list for PBXNativeTarget "DreamCalendarUITests" */;
			buildPhases = (
				4A08422728EA99FC003E70A4 /* Sources */,
				4A08422828EA99FC003E70A4 /* Frameworks */,
				4A08422928EA99FC003E70A4 /* Resources */,
			);
			buildRules = (
			);
			dependencies = (
				4A08422D28EA99FC003E70A4 /* PBXTargetDependency */,
			);
			name = DreamCalendarUITests;
			productName = DreamCalendarUITests;
			productReference = 4A08422B28EA99FC003E70A4 /* DreamCalendarUITests.xctest */;
			productType = "com.apple.product-type.bundle.ui-testing";
		};
		4A62B21C28EAA04500FBE1F6 /* CalendarUI */ = {
			isa = PBXNativeTarget;
			buildConfigurationList = 4A62B23228EAA04500FBE1F6 /* Build configuration list for PBXNativeTarget "CalendarUI" */;
			buildPhases = (
				4A62B21828EAA04500FBE1F6 /* Headers */,
				4A62B21928EAA04500FBE1F6 /* Sources */,
				4A62B21A28EAA04500FBE1F6 /* Frameworks */,
				4A62B21B28EAA04500FBE1F6 /* Resources */,
			);
			buildRules = (
			);
			dependencies = (
			);
			name = CalendarUI;
			productName = CalendarUI;
			productReference = 4A62B21D28EAA04500FBE1F6 /* CalendarUI.framework */;
			productType = "com.apple.product-type.framework";
		};
		4A62B22328EAA04500FBE1F6 /* CalendarUITests */ = {
			isa = PBXNativeTarget;
			buildConfigurationList = 4A62B23528EAA04500FBE1F6 /* Build configuration list for PBXNativeTarget "CalendarUITests" */;
			buildPhases = (
				4A62B22028EAA04500FBE1F6 /* Sources */,
				4A62B22128EAA04500FBE1F6 /* Frameworks */,
				4A62B22228EAA04500FBE1F6 /* Resources */,
			);
			buildRules = (
			);
			dependencies = (
				4A62B22728EAA04500FBE1F6 /* PBXTargetDependency */,
				4A62B22928EAA04500FBE1F6 /* PBXTargetDependency */,
			);
			name = CalendarUITests;
			productName = CalendarUITests;
			productReference = 4A62B22428EAA04500FBE1F6 /* CalendarUITests.xctest */;
			productType = "com.apple.product-type.bundle.unit-test";
		};
/* End PBXNativeTarget section */

/* Begin PBXProject section */
		4A08420428EA99FA003E70A4 /* Project object */ = {
			isa = PBXProject;
			attributes = {
				BuildIndependentTargetsInParallel = 1;
				LastSwiftUpdateCheck = 1340;
				LastUpgradeCheck = 1340;
				TargetAttributes = {
					4A08420B28EA99FA003E70A4 = {
						CreatedOnToolsVersion = 13.4.1;
					};
					4A08422028EA99FB003E70A4 = {
						CreatedOnToolsVersion = 13.4.1;
						TestTargetID = 4A08420B28EA99FA003E70A4;
					};
					4A08422A28EA99FC003E70A4 = {
						CreatedOnToolsVersion = 13.4.1;
						TestTargetID = 4A08420B28EA99FA003E70A4;
					};
					4A62B21C28EAA04500FBE1F6 = {
						CreatedOnToolsVersion = 13.4.1;
						LastSwiftMigration = 1340;
					};
					4A62B22328EAA04500FBE1F6 = {
						CreatedOnToolsVersion = 13.4.1;
						TestTargetID = 4A08420B28EA99FA003E70A4;
					};
				};
			};
			buildConfigurationList = 4A08420728EA99FA003E70A4 /* Build configuration list for PBXProject "DreamCalendar" */;
			compatibilityVersion = "Xcode 13.0";
			developmentRegion = en;
			hasScannedForEncodings = 0;
			knownRegions = (
				en,
				Base,
			);
			mainGroup = 4A08420328EA99FA003E70A4;
			productRefGroup = 4A08420D28EA99FA003E70A4 /* Products */;
			projectDirPath = "";
			projectRoot = "";
			targets = (
				4A08420B28EA99FA003E70A4 /* DreamCalendar */,
				4A08422028EA99FB003E70A4 /* DreamCalendarTests */,
				4A08422A28EA99FC003E70A4 /* DreamCalendarUITests */,
				4A62B21C28EAA04500FBE1F6 /* CalendarUI */,
				4A62B22328EAA04500FBE1F6 /* CalendarUITests */,
			);
		};
/* End PBXProject section */

/* Begin PBXResourcesBuildPhase section */
		4A08420A28EA99FA003E70A4 /* Resources */ = {
			isa = PBXResourcesBuildPhase;
			buildActionMask = 2147483647;
			files = (
				4A08421728EA99FB003E70A4 /* Preview Assets.xcassets in Resources */,
				4A08421428EA99FB003E70A4 /* Assets.xcassets in Resources */,
			);
			runOnlyForDeploymentPostprocessing = 0;
		};
		4A08421F28EA99FB003E70A4 /* Resources */ = {
			isa = PBXResourcesBuildPhase;
			buildActionMask = 2147483647;
			files = (
			);
			runOnlyForDeploymentPostprocessing = 0;
		};
		4A08422928EA99FC003E70A4 /* Resources */ = {
			isa = PBXResourcesBuildPhase;
			buildActionMask = 2147483647;
			files = (
			);
			runOnlyForDeploymentPostprocessing = 0;
		};
		4A62B21B28EAA04500FBE1F6 /* Resources */ = {
			isa = PBXResourcesBuildPhase;
			buildActionMask = 2147483647;
			files = (
			);
			runOnlyForDeploymentPostprocessing = 0;
		};
		4A62B22228EAA04500FBE1F6 /* Resources */ = {
			isa = PBXResourcesBuildPhase;
			buildActionMask = 2147483647;
			files = (
			);
			runOnlyForDeploymentPostprocessing = 0;
		};
/* End PBXResourcesBuildPhase section */

/* Begin PBXSourcesBuildPhase section */
		4A08420828EA99FA003E70A4 /* Sources */ = {
			isa = PBXSourcesBuildPhase;
			buildActionMask = 2147483647;
			files = (
				4AD0058F2954290500041173 /* TagType.swift in Sources */,
				4AD005F82959927100041173 /* HolidayAnniversary+CoreDataClass.swift in Sources */,
				4A7F783429682DEB00DA543B /* LoginViewModel.swift in Sources */,
				4AD005BF29598D5700041173 /* PersistentContainer.swift in Sources */,
				4A7F78382968312C00DA543B /* AccountInputField.swift in Sources */,
				4AD005F62959927100041173 /* ScheduleUpdateLog+CoreDataClass.swift in Sources */,
				4AD005FE295992A900041173 /* Schedule+CoreDataClass.swift in Sources */,
				4AD005F92959927100041173 /* HolidayAnniversary+CoreDataProperties.swift in Sources */,
				4A27D0DE2928A249007FC2DD /* MainTopRightView.swift in Sources */,
				4A0724552918B615005AA8B7 /* MainViewModel.swift in Sources */,
				4A27D0DA2928A217007FC2DD /* MainTopMiddleView.swift in Sources */,
				4A7F78362968311500DA543B /* AccountConfirmButton.swift in Sources */,
				4A08421928EA99FB003E70A4 /* Persistence.swift in Sources */,
				4A3CFC1E2910B4730034F4BA /* Color+Extension.swift in Sources */,
				4AF36EB62981190600338B7A /* DayScheduleListView.swift in Sources */,
				4AD005FA2959927100041173 /* Tag+CoreDataClass.swift in Sources */,
				4A27D0D729289050007FC2DD /* SchduleAdditionView.swift in Sources */,
				4AF36EB32981184A00338B7A /* HalfSheetController.swift in Sources */,
				4AAC0A452931D9DB009CB29C /* TimeInfo.swift in Sources */,
				4AD005FF295992A900041173 /* Schedule+CoreDataProperties.swift in Sources */,
				4A08421C28EA99FB003E70A4 /* DreamCalendar.xcdatamodeld in Sources */,
				4A27D0DC2928A224007FC2DD /* MainTopLeftView.swift in Sources */,
				4A3CFC1B2910B0780034F4BA /* MainView.swift in Sources */,
				4A08421228EA99FA003E70A4 /* ContentView.swift in Sources */,
				4AAC0A492931DBB5009CB29C /* Tag+Extension.swift in Sources */,
				4A08421028EA99FA003E70A4 /* DreamCalendarApp.swift in Sources */,
				4AD96EF82928B76A00C31C06 /* Date+Extension.swift in Sources */,
				4AD005FB2959927100041173 /* Tag+CoreDataProperties.swift in Sources */,
				4AD005F72959927100041173 /* ScheduleUpdateLog+CoreDataProperties.swift in Sources */,
				4A0724592918B970005AA8B7 /* View+Extension.swift in Sources */,
				4AD00593295982CA00041173 /* Alert+Extension.swift in Sources */,
				4AD00591295967E000041173 /* ScheduleAdditionViewModel.swift in Sources */,
				4A0724572918B647005AA8B7 /* MainTopView.swift in Sources */,
				4AD005F22959927100041173 /* TagUpdateLog+CoreDataClass.swift in Sources */,
				4AD005F32959927100041173 /* TagUpdateLog+CoreDataProperties.swift in Sources */,
				4A7F783229640C8B00DA543B /* LoginView.swift in Sources */,
				4AAC0A472931DA06009CB29C /* DateStringView.swift in Sources */,
			);
			runOnlyForDeploymentPostprocessing = 0;
		};
		4A08421D28EA99FB003E70A4 /* Sources */ = {
			isa = PBXSourcesBuildPhase;
			buildActionMask = 2147483647;
			files = (
				4A08422628EA99FC003E70A4 /* DreamCalendarTests.swift in Sources */,
			);
			runOnlyForDeploymentPostprocessing = 0;
		};
		4A08422728EA99FC003E70A4 /* Sources */ = {
			isa = PBXSourcesBuildPhase;
			buildActionMask = 2147483647;
			files = (
				4A08423228EA99FC003E70A4 /* DreamCalendarUITestsLaunchTests.swift in Sources */,
				4A08423028EA99FC003E70A4 /* DreamCalendarUITests.swift in Sources */,
			);
			runOnlyForDeploymentPostprocessing = 0;
		};
		4A62B21928EAA04500FBE1F6 /* Sources */ = {
			isa = PBXSourcesBuildPhase;
			buildActionMask = 2147483647;
			files = (
				4A62B23928EAA05F00FBE1F6 /* CalendarView.swift in Sources */,
				4A62B24C28EBEEE300FBE1F6 /* WeekdayView.swift in Sources */,
				4A62B23D28EBEDD000FBE1F6 /* Color+Extension.swift in Sources */,
				4A62B24128EBEE0400FBE1F6 /* Font+Extension.swift in Sources */,
				4A62B24528EBEE6200FBE1F6 /* Month.swift in Sources */,
				4A7F783A297FC19700DA543B /* UIScreen+Extension.swift in Sources */,
				4A62B24928EBEE6C00FBE1F6 /* Days.swift in Sources */,
				4A62B24E28EBEF0500FBE1F6 /* WeekView.swift in Sources */,
				4A62B23F28EBEDE600FBE1F6 /* Date+Extension.swift in Sources */,
				4AAC0A4B2931DCDE009CB29C /* Tag+Extension.swift in Sources */,
				4ACF64632920C19F00D335A3 /* Schedule.swift in Sources */,
				4A62B24728EBEE6700FBE1F6 /* Week.swift in Sources */,
			);
			runOnlyForDeploymentPostprocessing = 0;
		};
		4A62B22028EAA04500FBE1F6 /* Sources */ = {
			isa = PBXSourcesBuildPhase;
			buildActionMask = 2147483647;
			files = (
				4A62B22C28EAA04500FBE1F6 /* CalendarUITests.swift in Sources */,
			);
			runOnlyForDeploymentPostprocessing = 0;
		};
/* End PBXSourcesBuildPhase section */

/* Begin PBXTargetDependency section */
		4A08422328EA99FB003E70A4 /* PBXTargetDependency */ = {
			isa = PBXTargetDependency;
			target = 4A08420B28EA99FA003E70A4 /* DreamCalendar */;
			targetProxy = 4A08422228EA99FB003E70A4 /* PBXContainerItemProxy */;
		};
		4A08422D28EA99FC003E70A4 /* PBXTargetDependency */ = {
			isa = PBXTargetDependency;
			target = 4A08420B28EA99FA003E70A4 /* DreamCalendar */;
			targetProxy = 4A08422C28EA99FC003E70A4 /* PBXContainerItemProxy */;
		};
		4A62B22728EAA04500FBE1F6 /* PBXTargetDependency */ = {
			isa = PBXTargetDependency;
			target = 4A62B21C28EAA04500FBE1F6 /* CalendarUI */;
			targetProxy = 4A62B22628EAA04500FBE1F6 /* PBXContainerItemProxy */;
		};
		4A62B22928EAA04500FBE1F6 /* PBXTargetDependency */ = {
			isa = PBXTargetDependency;
			target = 4A08420B28EA99FA003E70A4 /* DreamCalendar */;
			targetProxy = 4A62B22828EAA04500FBE1F6 /* PBXContainerItemProxy */;
		};
		4A62B22F28EAA04500FBE1F6 /* PBXTargetDependency */ = {
			isa = PBXTargetDependency;
			target = 4A62B21C28EAA04500FBE1F6 /* CalendarUI */;
			targetProxy = 4A62B22E28EAA04500FBE1F6 /* PBXContainerItemProxy */;
		};
/* End PBXTargetDependency section */

/* Begin XCBuildConfiguration section */
		4A08423328EA99FC003E70A4 /* Debug */ = {
			isa = XCBuildConfiguration;
			buildSettings = {
				ALWAYS_SEARCH_USER_PATHS = NO;
				CLANG_ANALYZER_NONNULL = YES;
				CLANG_ANALYZER_NUMBER_OBJECT_CONVERSION = YES_AGGRESSIVE;
				CLANG_CXX_LANGUAGE_STANDARD = "gnu++17";
				CLANG_ENABLE_MODULES = YES;
				CLANG_ENABLE_OBJC_ARC = YES;
				CLANG_ENABLE_OBJC_WEAK = YES;
				CLANG_WARN_BLOCK_CAPTURE_AUTORELEASING = YES;
				CLANG_WARN_BOOL_CONVERSION = YES;
				CLANG_WARN_COMMA = YES;
				CLANG_WARN_CONSTANT_CONVERSION = YES;
				CLANG_WARN_DEPRECATED_OBJC_IMPLEMENTATIONS = YES;
				CLANG_WARN_DIRECT_OBJC_ISA_USAGE = YES_ERROR;
				CLANG_WARN_DOCUMENTATION_COMMENTS = YES;
				CLANG_WARN_EMPTY_BODY = YES;
				CLANG_WARN_ENUM_CONVERSION = YES;
				CLANG_WARN_INFINITE_RECURSION = YES;
				CLANG_WARN_INT_CONVERSION = YES;
				CLANG_WARN_NON_LITERAL_NULL_CONVERSION = YES;
				CLANG_WARN_OBJC_IMPLICIT_RETAIN_SELF = YES;
				CLANG_WARN_OBJC_LITERAL_CONVERSION = YES;
				CLANG_WARN_OBJC_ROOT_CLASS = YES_ERROR;
				CLANG_WARN_QUOTED_INCLUDE_IN_FRAMEWORK_HEADER = YES;
				CLANG_WARN_RANGE_LOOP_ANALYSIS = YES;
				CLANG_WARN_STRICT_PROTOTYPES = YES;
				CLANG_WARN_SUSPICIOUS_MOVE = YES;
				CLANG_WARN_UNGUARDED_AVAILABILITY = YES_AGGRESSIVE;
				CLANG_WARN_UNREACHABLE_CODE = YES;
				CLANG_WARN__DUPLICATE_METHOD_MATCH = YES;
				COPY_PHASE_STRIP = NO;
				DEBUG_INFORMATION_FORMAT = dwarf;
				ENABLE_STRICT_OBJC_MSGSEND = YES;
				ENABLE_TESTABILITY = YES;
				GCC_C_LANGUAGE_STANDARD = gnu11;
				GCC_DYNAMIC_NO_PIC = NO;
				GCC_NO_COMMON_BLOCKS = YES;
				GCC_OPTIMIZATION_LEVEL = 0;
				GCC_PREPROCESSOR_DEFINITIONS = (
					"DEBUG=1",
					"$(inherited)",
				);
				GCC_WARN_64_TO_32_BIT_CONVERSION = YES;
				GCC_WARN_ABOUT_RETURN_TYPE = YES_ERROR;
				GCC_WARN_UNDECLARED_SELECTOR = YES;
				GCC_WARN_UNINITIALIZED_AUTOS = YES_AGGRESSIVE;
				GCC_WARN_UNUSED_FUNCTION = YES;
				GCC_WARN_UNUSED_VARIABLE = YES;
				IPHONEOS_DEPLOYMENT_TARGET = 16.0;
				MTL_ENABLE_DEBUG_INFO = INCLUDE_SOURCE;
				MTL_FAST_MATH = YES;
				ONLY_ACTIVE_ARCH = YES;
				SDKROOT = iphoneos;
				SWIFT_ACTIVE_COMPILATION_CONDITIONS = DEBUG;
				SWIFT_OPTIMIZATION_LEVEL = "-Onone";
			};
			name = Debug;
		};
		4A08423428EA99FC003E70A4 /* Release */ = {
			isa = XCBuildConfiguration;
			buildSettings = {
				ALWAYS_SEARCH_USER_PATHS = NO;
				CLANG_ANALYZER_NONNULL = YES;
				CLANG_ANALYZER_NUMBER_OBJECT_CONVERSION = YES_AGGRESSIVE;
				CLANG_CXX_LANGUAGE_STANDARD = "gnu++17";
				CLANG_ENABLE_MODULES = YES;
				CLANG_ENABLE_OBJC_ARC = YES;
				CLANG_ENABLE_OBJC_WEAK = YES;
				CLANG_WARN_BLOCK_CAPTURE_AUTORELEASING = YES;
				CLANG_WARN_BOOL_CONVERSION = YES;
				CLANG_WARN_COMMA = YES;
				CLANG_WARN_CONSTANT_CONVERSION = YES;
				CLANG_WARN_DEPRECATED_OBJC_IMPLEMENTATIONS = YES;
				CLANG_WARN_DIRECT_OBJC_ISA_USAGE = YES_ERROR;
				CLANG_WARN_DOCUMENTATION_COMMENTS = YES;
				CLANG_WARN_EMPTY_BODY = YES;
				CLANG_WARN_ENUM_CONVERSION = YES;
				CLANG_WARN_INFINITE_RECURSION = YES;
				CLANG_WARN_INT_CONVERSION = YES;
				CLANG_WARN_NON_LITERAL_NULL_CONVERSION = YES;
				CLANG_WARN_OBJC_IMPLICIT_RETAIN_SELF = YES;
				CLANG_WARN_OBJC_LITERAL_CONVERSION = YES;
				CLANG_WARN_OBJC_ROOT_CLASS = YES_ERROR;
				CLANG_WARN_QUOTED_INCLUDE_IN_FRAMEWORK_HEADER = YES;
				CLANG_WARN_RANGE_LOOP_ANALYSIS = YES;
				CLANG_WARN_STRICT_PROTOTYPES = YES;
				CLANG_WARN_SUSPICIOUS_MOVE = YES;
				CLANG_WARN_UNGUARDED_AVAILABILITY = YES_AGGRESSIVE;
				CLANG_WARN_UNREACHABLE_CODE = YES;
				CLANG_WARN__DUPLICATE_METHOD_MATCH = YES;
				COPY_PHASE_STRIP = NO;
				DEBUG_INFORMATION_FORMAT = "dwarf-with-dsym";
				ENABLE_NS_ASSERTIONS = NO;
				ENABLE_STRICT_OBJC_MSGSEND = YES;
				GCC_C_LANGUAGE_STANDARD = gnu11;
				GCC_NO_COMMON_BLOCKS = YES;
				GCC_WARN_64_TO_32_BIT_CONVERSION = YES;
				GCC_WARN_ABOUT_RETURN_TYPE = YES_ERROR;
				GCC_WARN_UNDECLARED_SELECTOR = YES;
				GCC_WARN_UNINITIALIZED_AUTOS = YES_AGGRESSIVE;
				GCC_WARN_UNUSED_FUNCTION = YES;
				GCC_WARN_UNUSED_VARIABLE = YES;
				IPHONEOS_DEPLOYMENT_TARGET = 16.0;
				MTL_ENABLE_DEBUG_INFO = NO;
				MTL_FAST_MATH = YES;
				SDKROOT = iphoneos;
				SWIFT_COMPILATION_MODE = wholemodule;
				SWIFT_OPTIMIZATION_LEVEL = "-O";
				VALIDATE_PRODUCT = YES;
			};
			name = Release;
		};
		4A08423628EA99FC003E70A4 /* Debug */ = {
			isa = XCBuildConfiguration;
			buildSettings = {
				ALWAYS_EMBED_SWIFT_STANDARD_LIBRARIES = YES;
				ASSETCATALOG_COMPILER_APPICON_NAME = AppIcon;
				ASSETCATALOG_COMPILER_GLOBAL_ACCENT_COLOR_NAME = AccentColor;
				CODE_SIGN_STYLE = Automatic;
				CURRENT_PROJECT_VERSION = 1;
				DEVELOPMENT_ASSET_PATHS = "\"DreamCalendar/Preview Content\"";
				DEVELOPMENT_TEAM = 4CLMD5ZPC3;
				ENABLE_PREVIEWS = YES;
				GENERATE_INFOPLIST_FILE = YES;
				INFOPLIST_KEY_UIApplicationSceneManifest_Generation = YES;
				INFOPLIST_KEY_UIApplicationSupportsIndirectInputEvents = YES;
				INFOPLIST_KEY_UILaunchScreen_Generation = YES;
				INFOPLIST_KEY_UISupportedInterfaceOrientations_iPad = "UIInterfaceOrientationPortrait UIInterfaceOrientationPortraitUpsideDown UIInterfaceOrientationLandscapeLeft UIInterfaceOrientationLandscapeRight";
				INFOPLIST_KEY_UISupportedInterfaceOrientations_iPhone = "UIInterfaceOrientationPortrait UIInterfaceOrientationLandscapeLeft UIInterfaceOrientationLandscapeRight";
				LD_RUNPATH_SEARCH_PATHS = (
					"$(inherited)",
					"@executable_path/Frameworks",
				);
				MARKETING_VERSION = 1.0;
				PRODUCT_BUNDLE_IDENTIFIER = com.dreamtree.DreamCalendar;
				PRODUCT_NAME = "$(TARGET_NAME)";
				SWIFT_EMIT_LOC_STRINGS = YES;
				SWIFT_VERSION = 5.0;
				TARGETED_DEVICE_FAMILY = "1,2";
			};
			name = Debug;
		};
		4A08423728EA99FC003E70A4 /* Release */ = {
			isa = XCBuildConfiguration;
			buildSettings = {
				ALWAYS_EMBED_SWIFT_STANDARD_LIBRARIES = YES;
				ASSETCATALOG_COMPILER_APPICON_NAME = AppIcon;
				ASSETCATALOG_COMPILER_GLOBAL_ACCENT_COLOR_NAME = AccentColor;
				CODE_SIGN_STYLE = Automatic;
				CURRENT_PROJECT_VERSION = 1;
				DEVELOPMENT_ASSET_PATHS = "\"DreamCalendar/Preview Content\"";
				DEVELOPMENT_TEAM = 4CLMD5ZPC3;
				ENABLE_PREVIEWS = YES;
				GENERATE_INFOPLIST_FILE = YES;
				INFOPLIST_KEY_UIApplicationSceneManifest_Generation = YES;
				INFOPLIST_KEY_UIApplicationSupportsIndirectInputEvents = YES;
				INFOPLIST_KEY_UILaunchScreen_Generation = YES;
				INFOPLIST_KEY_UISupportedInterfaceOrientations_iPad = "UIInterfaceOrientationPortrait UIInterfaceOrientationPortraitUpsideDown UIInterfaceOrientationLandscapeLeft UIInterfaceOrientationLandscapeRight";
				INFOPLIST_KEY_UISupportedInterfaceOrientations_iPhone = "UIInterfaceOrientationPortrait UIInterfaceOrientationLandscapeLeft UIInterfaceOrientationLandscapeRight";
				LD_RUNPATH_SEARCH_PATHS = (
					"$(inherited)",
					"@executable_path/Frameworks",
				);
				MARKETING_VERSION = 1.0;
				PRODUCT_BUNDLE_IDENTIFIER = com.dreamtree.DreamCalendar;
				PRODUCT_NAME = "$(TARGET_NAME)";
				SWIFT_EMIT_LOC_STRINGS = YES;
				SWIFT_VERSION = 5.0;
				TARGETED_DEVICE_FAMILY = "1,2";
			};
			name = Release;
		};
		4A08423928EA99FC003E70A4 /* Debug */ = {
			isa = XCBuildConfiguration;
			buildSettings = {
				ALWAYS_EMBED_SWIFT_STANDARD_LIBRARIES = YES;
				BUNDLE_LOADER = "$(TEST_HOST)";
				CODE_SIGN_STYLE = Automatic;
				CURRENT_PROJECT_VERSION = 1;
				DEVELOPMENT_TEAM = 4CLMD5ZPC3;
				GENERATE_INFOPLIST_FILE = YES;
				IPHONEOS_DEPLOYMENT_TARGET = 15.5;
				MARKETING_VERSION = 1.0;
				PRODUCT_BUNDLE_IDENTIFIER = com.dreamtree.DreamCalendarTests;
				PRODUCT_NAME = "$(TARGET_NAME)";
				SWIFT_EMIT_LOC_STRINGS = NO;
				SWIFT_VERSION = 5.0;
				TARGETED_DEVICE_FAMILY = "1,2";
				TEST_HOST = "$(BUILT_PRODUCTS_DIR)/DreamCalendar.app/DreamCalendar";
			};
			name = Debug;
		};
		4A08423A28EA99FC003E70A4 /* Release */ = {
			isa = XCBuildConfiguration;
			buildSettings = {
				ALWAYS_EMBED_SWIFT_STANDARD_LIBRARIES = YES;
				BUNDLE_LOADER = "$(TEST_HOST)";
				CODE_SIGN_STYLE = Automatic;
				CURRENT_PROJECT_VERSION = 1;
				DEVELOPMENT_TEAM = 4CLMD5ZPC3;
				GENERATE_INFOPLIST_FILE = YES;
				IPHONEOS_DEPLOYMENT_TARGET = 15.5;
				MARKETING_VERSION = 1.0;
				PRODUCT_BUNDLE_IDENTIFIER = com.dreamtree.DreamCalendarTests;
				PRODUCT_NAME = "$(TARGET_NAME)";
				SWIFT_EMIT_LOC_STRINGS = NO;
				SWIFT_VERSION = 5.0;
				TARGETED_DEVICE_FAMILY = "1,2";
				TEST_HOST = "$(BUILT_PRODUCTS_DIR)/DreamCalendar.app/DreamCalendar";
			};
			name = Release;
		};
		4A08423C28EA99FC003E70A4 /* Debug */ = {
			isa = XCBuildConfiguration;
			buildSettings = {
				ALWAYS_EMBED_SWIFT_STANDARD_LIBRARIES = YES;
				CODE_SIGN_STYLE = Automatic;
				CURRENT_PROJECT_VERSION = 1;
				DEVELOPMENT_TEAM = 4CLMD5ZPC3;
				GENERATE_INFOPLIST_FILE = YES;
				MARKETING_VERSION = 1.0;
				PRODUCT_BUNDLE_IDENTIFIER = com.dreamtree.DreamCalendarUITests;
				PRODUCT_NAME = "$(TARGET_NAME)";
				SWIFT_EMIT_LOC_STRINGS = NO;
				SWIFT_VERSION = 5.0;
				TARGETED_DEVICE_FAMILY = "1,2";
				TEST_TARGET_NAME = DreamCalendar;
			};
			name = Debug;
		};
		4A08423D28EA99FC003E70A4 /* Release */ = {
			isa = XCBuildConfiguration;
			buildSettings = {
				ALWAYS_EMBED_SWIFT_STANDARD_LIBRARIES = YES;
				CODE_SIGN_STYLE = Automatic;
				CURRENT_PROJECT_VERSION = 1;
				DEVELOPMENT_TEAM = 4CLMD5ZPC3;
				GENERATE_INFOPLIST_FILE = YES;
				MARKETING_VERSION = 1.0;
				PRODUCT_BUNDLE_IDENTIFIER = com.dreamtree.DreamCalendarUITests;
				PRODUCT_NAME = "$(TARGET_NAME)";
				SWIFT_EMIT_LOC_STRINGS = NO;
				SWIFT_VERSION = 5.0;
				TARGETED_DEVICE_FAMILY = "1,2";
				TEST_TARGET_NAME = DreamCalendar;
			};
			name = Release;
		};
		4A62B23328EAA04500FBE1F6 /* Debug */ = {
			isa = XCBuildConfiguration;
			buildSettings = {
				CLANG_ENABLE_MODULES = YES;
				CODE_SIGN_STYLE = Automatic;
				CURRENT_PROJECT_VERSION = 1;
				DEFINES_MODULE = YES;
				DEVELOPMENT_TEAM = 4CLMD5ZPC3;
				DYLIB_COMPATIBILITY_VERSION = 1;
				DYLIB_CURRENT_VERSION = 1;
				DYLIB_INSTALL_NAME_BASE = "@rpath";
				GENERATE_INFOPLIST_FILE = YES;
				INFOPLIST_KEY_NSHumanReadableCopyright = "";
				INSTALL_PATH = "$(LOCAL_LIBRARY_DIR)/Frameworks";
				LD_RUNPATH_SEARCH_PATHS = (
					"$(inherited)",
					"@executable_path/Frameworks",
					"@loader_path/Frameworks",
				);
				MARKETING_VERSION = 1.0;
				PRODUCT_BUNDLE_IDENTIFIER = com.dreamtree.CalendarUI;
				PRODUCT_NAME = "$(TARGET_NAME:c99extidentifier)";
				SKIP_INSTALL = YES;
				SWIFT_EMIT_LOC_STRINGS = YES;
				SWIFT_OPTIMIZATION_LEVEL = "-Onone";
				SWIFT_VERSION = 5.0;
				TARGETED_DEVICE_FAMILY = "1,2";
				VERSIONING_SYSTEM = "apple-generic";
				VERSION_INFO_PREFIX = "";
			};
			name = Debug;
		};
		4A62B23428EAA04500FBE1F6 /* Release */ = {
			isa = XCBuildConfiguration;
			buildSettings = {
				CLANG_ENABLE_MODULES = YES;
				CODE_SIGN_STYLE = Automatic;
				CURRENT_PROJECT_VERSION = 1;
				DEFINES_MODULE = YES;
				DEVELOPMENT_TEAM = 4CLMD5ZPC3;
				DYLIB_COMPATIBILITY_VERSION = 1;
				DYLIB_CURRENT_VERSION = 1;
				DYLIB_INSTALL_NAME_BASE = "@rpath";
				GENERATE_INFOPLIST_FILE = YES;
				INFOPLIST_KEY_NSHumanReadableCopyright = "";
				INSTALL_PATH = "$(LOCAL_LIBRARY_DIR)/Frameworks";
				LD_RUNPATH_SEARCH_PATHS = (
					"$(inherited)",
					"@executable_path/Frameworks",
					"@loader_path/Frameworks",
				);
				MARKETING_VERSION = 1.0;
				PRODUCT_BUNDLE_IDENTIFIER = com.dreamtree.CalendarUI;
				PRODUCT_NAME = "$(TARGET_NAME:c99extidentifier)";
				SKIP_INSTALL = YES;
				SWIFT_EMIT_LOC_STRINGS = YES;
				SWIFT_VERSION = 5.0;
				TARGETED_DEVICE_FAMILY = "1,2";
				VERSIONING_SYSTEM = "apple-generic";
				VERSION_INFO_PREFIX = "";
			};
			name = Release;
		};
		4A62B23628EAA04500FBE1F6 /* Debug */ = {
			isa = XCBuildConfiguration;
			buildSettings = {
				ALWAYS_EMBED_SWIFT_STANDARD_LIBRARIES = YES;
				CODE_SIGN_STYLE = Automatic;
				CURRENT_PROJECT_VERSION = 1;
				DEVELOPMENT_TEAM = 4CLMD5ZPC3;
				GENERATE_INFOPLIST_FILE = YES;
				MARKETING_VERSION = 1.0;
				PRODUCT_BUNDLE_IDENTIFIER = com.dreamtree.CalendarUITests;
				PRODUCT_NAME = "$(TARGET_NAME)";
				SWIFT_EMIT_LOC_STRINGS = NO;
				SWIFT_VERSION = 5.0;
				TARGETED_DEVICE_FAMILY = "1,2";
				TEST_HOST = "$(BUILT_PRODUCTS_DIR)/DreamCalendar.app/DreamCalendar";
			};
			name = Debug;
		};
		4A62B23728EAA04500FBE1F6 /* Release */ = {
			isa = XCBuildConfiguration;
			buildSettings = {
				ALWAYS_EMBED_SWIFT_STANDARD_LIBRARIES = YES;
				CODE_SIGN_STYLE = Automatic;
				CURRENT_PROJECT_VERSION = 1;
				DEVELOPMENT_TEAM = 4CLMD5ZPC3;
				GENERATE_INFOPLIST_FILE = YES;
				MARKETING_VERSION = 1.0;
				PRODUCT_BUNDLE_IDENTIFIER = com.dreamtree.CalendarUITests;
				PRODUCT_NAME = "$(TARGET_NAME)";
				SWIFT_EMIT_LOC_STRINGS = NO;
				SWIFT_VERSION = 5.0;
				TARGETED_DEVICE_FAMILY = "1,2";
				TEST_HOST = "$(BUILT_PRODUCTS_DIR)/DreamCalendar.app/DreamCalendar";
			};
			name = Release;
		};
/* End XCBuildConfiguration section */

/* Begin XCConfigurationList section */
		4A08420728EA99FA003E70A4 /* Build configuration list for PBXProject "DreamCalendar" */ = {
			isa = XCConfigurationList;
			buildConfigurations = (
				4A08423328EA99FC003E70A4 /* Debug */,
				4A08423428EA99FC003E70A4 /* Release */,
			);
			defaultConfigurationIsVisible = 0;
			defaultConfigurationName = Release;
		};
		4A08423528EA99FC003E70A4 /* Build configuration list for PBXNativeTarget "DreamCalendar" */ = {
			isa = XCConfigurationList;
			buildConfigurations = (
				4A08423628EA99FC003E70A4 /* Debug */,
				4A08423728EA99FC003E70A4 /* Release */,
			);
			defaultConfigurationIsVisible = 0;
			defaultConfigurationName = Release;
		};
		4A08423828EA99FC003E70A4 /* Build configuration list for PBXNativeTarget "DreamCalendarTests" */ = {
			isa = XCConfigurationList;
			buildConfigurations = (
				4A08423928EA99FC003E70A4 /* Debug */,
				4A08423A28EA99FC003E70A4 /* Release */,
			);
			defaultConfigurationIsVisible = 0;
			defaultConfigurationName = Release;
		};
		4A08423B28EA99FC003E70A4 /* Build configuration list for PBXNativeTarget "DreamCalendarUITests" */ = {
			isa = XCConfigurationList;
			buildConfigurations = (
				4A08423C28EA99FC003E70A4 /* Debug */,
				4A08423D28EA99FC003E70A4 /* Release */,
			);
			defaultConfigurationIsVisible = 0;
			defaultConfigurationName = Release;
		};
		4A62B23228EAA04500FBE1F6 /* Build configuration list for PBXNativeTarget "CalendarUI" */ = {
			isa = XCConfigurationList;
			buildConfigurations = (
				4A62B23328EAA04500FBE1F6 /* Debug */,
				4A62B23428EAA04500FBE1F6 /* Release */,
			);
			defaultConfigurationIsVisible = 0;
			defaultConfigurationName = Release;
		};
		4A62B23528EAA04500FBE1F6 /* Build configuration list for PBXNativeTarget "CalendarUITests" */ = {
			isa = XCConfigurationList;
			buildConfigurations = (
				4A62B23628EAA04500FBE1F6 /* Debug */,
				4A62B23728EAA04500FBE1F6 /* Release */,
			);
			defaultConfigurationIsVisible = 0;
			defaultConfigurationName = Release;
		};
/* End XCConfigurationList section */

/* Begin XCVersionGroup section */
		4A08421A28EA99FB003E70A4 /* DreamCalendar.xcdatamodeld */ = {
			isa = XCVersionGroup;
			children = (
				4A08421B28EA99FB003E70A4 /* DreamCalendar.xcdatamodel */,
			);
			currentVersion = 4A08421B28EA99FB003E70A4 /* DreamCalendar.xcdatamodel */;
			path = DreamCalendar.xcdatamodeld;
			sourceTree = "<group>";
			versionGroupType = wrapper.xcdatamodel;
		};
/* End XCVersionGroup section */
	};
	rootObject = 4A08420428EA99FA003E70A4 /* Project object */;
}
