// !$*UTF8*$!
{
	archiveVersion = 1;
	classes = {
	};
	objectVersion = 55;
	objects = {

/* Begin PBXBuildFile section */
		4AD5EC7328E6892300A33CD9 /* AppDelegate.swift in Sources */ = {isa = PBXBuildFile; fileRef = 4AD5EC7228E6892300A33CD9 /* AppDelegate.swift */; };
		4AD5EC7528E6892300A33CD9 /* SceneDelegate.swift in Sources */ = {isa = PBXBuildFile; fileRef = 4AD5EC7428E6892300A33CD9 /* SceneDelegate.swift */; };
		4AD5EC7728E6892300A33CD9 /* ViewController.swift in Sources */ = {isa = PBXBuildFile; fileRef = 4AD5EC7628E6892300A33CD9 /* ViewController.swift */; };
		4AD5EC7A28E6892300A33CD9 /* Main.storyboard in Resources */ = {isa = PBXBuildFile; fileRef = 4AD5EC7828E6892300A33CD9 /* Main.storyboard */; };
		4AD5EC7D28E6892300A33CD9 /* DreamCalendar.xcdatamodeld in Sources */ = {isa = PBXBuildFile; fileRef = 4AD5EC7B28E6892300A33CD9 /* DreamCalendar.xcdatamodeld */; };
		4AD5EC7F28E6892500A33CD9 /* Assets.xcassets in Resources */ = {isa = PBXBuildFile; fileRef = 4AD5EC7E28E6892500A33CD9 /* Assets.xcassets */; };
		4AD5EC8228E6892500A33CD9 /* LaunchScreen.storyboard in Resources */ = {isa = PBXBuildFile; fileRef = 4AD5EC8028E6892500A33CD9 /* LaunchScreen.storyboard */; };
		4AD5EC8D28E6892500A33CD9 /* DreamCalendarTests.swift in Sources */ = {isa = PBXBuildFile; fileRef = 4AD5EC8C28E6892500A33CD9 /* DreamCalendarTests.swift */; };
		4AD5EC9728E6892500A33CD9 /* DreamCalendarUITests.swift in Sources */ = {isa = PBXBuildFile; fileRef = 4AD5EC9628E6892500A33CD9 /* DreamCalendarUITests.swift */; };
		4AD5EC9928E6892500A33CD9 /* DreamCalendarUITestsLaunchTests.swift in Sources */ = {isa = PBXBuildFile; fileRef = 4AD5EC9828E6892500A33CD9 /* DreamCalendarUITestsLaunchTests.swift */; };
/* End PBXBuildFile section */

/* Begin PBXContainerItemProxy section */
		4AD5EC8928E6892500A33CD9 /* PBXContainerItemProxy */ = {
			isa = PBXContainerItemProxy;
			containerPortal = 4AD5EC6728E6892300A33CD9 /* Project object */;
			proxyType = 1;
			remoteGlobalIDString = 4AD5EC6E28E6892300A33CD9;
			remoteInfo = DreamCalendar;
		};
		4AD5EC9328E6892500A33CD9 /* PBXContainerItemProxy */ = {
			isa = PBXContainerItemProxy;
			containerPortal = 4AD5EC6728E6892300A33CD9 /* Project object */;
			proxyType = 1;
			remoteGlobalIDString = 4AD5EC6E28E6892300A33CD9;
			remoteInfo = DreamCalendar;
		};
/* End PBXContainerItemProxy section */

/* Begin PBXFileReference section */
		4AD5EC6F28E6892300A33CD9 /* DreamCalendar.app */ = {isa = PBXFileReference; explicitFileType = wrapper.application; includeInIndex = 0; path = DreamCalendar.app; sourceTree = BUILT_PRODUCTS_DIR; };
		4AD5EC7228E6892300A33CD9 /* AppDelegate.swift */ = {isa = PBXFileReference; lastKnownFileType = sourcecode.swift; path = AppDelegate.swift; sourceTree = "<group>"; };
		4AD5EC7428E6892300A33CD9 /* SceneDelegate.swift */ = {isa = PBXFileReference; lastKnownFileType = sourcecode.swift; path = SceneDelegate.swift; sourceTree = "<group>"; };
		4AD5EC7628E6892300A33CD9 /* ViewController.swift */ = {isa = PBXFileReference; lastKnownFileType = sourcecode.swift; path = ViewController.swift; sourceTree = "<group>"; };
		4AD5EC7928E6892300A33CD9 /* Base */ = {isa = PBXFileReference; lastKnownFileType = file.storyboard; name = Base; path = Base.lproj/Main.storyboard; sourceTree = "<group>"; };
		4AD5EC7C28E6892300A33CD9 /* DreamCalendar.xcdatamodel */ = {isa = PBXFileReference; lastKnownFileType = wrapper.xcdatamodel; path = DreamCalendar.xcdatamodel; sourceTree = "<group>"; };
		4AD5EC7E28E6892500A33CD9 /* Assets.xcassets */ = {isa = PBXFileReference; lastKnownFileType = folder.assetcatalog; path = Assets.xcassets; sourceTree = "<group>"; };
		4AD5EC8128E6892500A33CD9 /* Base */ = {isa = PBXFileReference; lastKnownFileType = file.storyboard; name = Base; path = Base.lproj/LaunchScreen.storyboard; sourceTree = "<group>"; };
		4AD5EC8328E6892500A33CD9 /* Info.plist */ = {isa = PBXFileReference; lastKnownFileType = text.plist.xml; path = Info.plist; sourceTree = "<group>"; };
		4AD5EC8828E6892500A33CD9 /* DreamCalendarTests.xctest */ = {isa = PBXFileReference; explicitFileType = wrapper.cfbundle; includeInIndex = 0; path = DreamCalendarTests.xctest; sourceTree = BUILT_PRODUCTS_DIR; };
		4AD5EC8C28E6892500A33CD9 /* DreamCalendarTests.swift */ = {isa = PBXFileReference; lastKnownFileType = sourcecode.swift; path = DreamCalendarTests.swift; sourceTree = "<group>"; };
		4AD5EC9228E6892500A33CD9 /* DreamCalendarUITests.xctest */ = {isa = PBXFileReference; explicitFileType = wrapper.cfbundle; includeInIndex = 0; path = DreamCalendarUITests.xctest; sourceTree = BUILT_PRODUCTS_DIR; };
		4AD5EC9628E6892500A33CD9 /* DreamCalendarUITests.swift */ = {isa = PBXFileReference; lastKnownFileType = sourcecode.swift; path = DreamCalendarUITests.swift; sourceTree = "<group>"; };
		4AD5EC9828E6892500A33CD9 /* DreamCalendarUITestsLaunchTests.swift */ = {isa = PBXFileReference; lastKnownFileType = sourcecode.swift; path = DreamCalendarUITestsLaunchTests.swift; sourceTree = "<group>"; };
/* End PBXFileReference section */

/* Begin PBXFrameworksBuildPhase section */
		4AD5EC6C28E6892300A33CD9 /* Frameworks */ = {
			isa = PBXFrameworksBuildPhase;
			buildActionMask = 2147483647;
			files = (
			);
			runOnlyForDeploymentPostprocessing = 0;
		};
		4AD5EC8528E6892500A33CD9 /* Frameworks */ = {
			isa = PBXFrameworksBuildPhase;
			buildActionMask = 2147483647;
			files = (
			);
			runOnlyForDeploymentPostprocessing = 0;
		};
		4AD5EC8F28E6892500A33CD9 /* Frameworks */ = {
			isa = PBXFrameworksBuildPhase;
			buildActionMask = 2147483647;
			files = (
			);
			runOnlyForDeploymentPostprocessing = 0;
		};
/* End PBXFrameworksBuildPhase section */

/* Begin PBXGroup section */
		4AD5EC6628E6892300A33CD9 = {
			isa = PBXGroup;
			children = (
				4AD5EC7128E6892300A33CD9 /* DreamCalendar */,
				4AD5EC8B28E6892500A33CD9 /* DreamCalendarTests */,
				4AD5EC9528E6892500A33CD9 /* DreamCalendarUITests */,
				4AD5EC7028E6892300A33CD9 /* Products */,
			);
			sourceTree = "<group>";
		};
		4AD5EC7028E6892300A33CD9 /* Products */ = {
			isa = PBXGroup;
			children = (
				4AD5EC6F28E6892300A33CD9 /* DreamCalendar.app */,
				4AD5EC8828E6892500A33CD9 /* DreamCalendarTests.xctest */,
				4AD5EC9228E6892500A33CD9 /* DreamCalendarUITests.xctest */,
			);
			name = Products;
			sourceTree = "<group>";
		};
		4AD5EC7128E6892300A33CD9 /* DreamCalendar */ = {
			isa = PBXGroup;
			children = (
				4AD5EC7228E6892300A33CD9 /* AppDelegate.swift */,
				4AD5EC7428E6892300A33CD9 /* SceneDelegate.swift */,
				4AD5EC7628E6892300A33CD9 /* ViewController.swift */,
				4AD5EC7828E6892300A33CD9 /* Main.storyboard */,
				4AD5EC7E28E6892500A33CD9 /* Assets.xcassets */,
				4AD5EC8028E6892500A33CD9 /* LaunchScreen.storyboard */,
				4AD5EC8328E6892500A33CD9 /* Info.plist */,
				4AD5EC7B28E6892300A33CD9 /* DreamCalendar.xcdatamodeld */,
			);
			path = DreamCalendar;
			sourceTree = "<group>";
		};
		4AD5EC8B28E6892500A33CD9 /* DreamCalendarTests */ = {
			isa = PBXGroup;
			children = (
				4AD5EC8C28E6892500A33CD9 /* DreamCalendarTests.swift */,
			);
			path = DreamCalendarTests;
			sourceTree = "<group>";
		};
		4AD5EC9528E6892500A33CD9 /* DreamCalendarUITests */ = {
			isa = PBXGroup;
			children = (
				4AD5EC9628E6892500A33CD9 /* DreamCalendarUITests.swift */,
				4AD5EC9828E6892500A33CD9 /* DreamCalendarUITestsLaunchTests.swift */,
			);
			path = DreamCalendarUITests;
			sourceTree = "<group>";
		};
/* End PBXGroup section */

/* Begin PBXNativeTarget section */
		4AD5EC6E28E6892300A33CD9 /* DreamCalendar */ = {
			isa = PBXNativeTarget;
			buildConfigurationList = 4AD5EC9C28E6892500A33CD9 /* Build configuration list for PBXNativeTarget "DreamCalendar" */;
			buildPhases = (
				4AD5EC6B28E6892300A33CD9 /* Sources */,
				4AD5EC6C28E6892300A33CD9 /* Frameworks */,
				4AD5EC6D28E6892300A33CD9 /* Resources */,
			);
			buildRules = (
			);
			dependencies = (
			);
			name = DreamCalendar;
			productName = DreamCalendar;
			productReference = 4AD5EC6F28E6892300A33CD9 /* DreamCalendar.app */;
			productType = "com.apple.product-type.application";
		};
		4AD5EC8728E6892500A33CD9 /* DreamCalendarTests */ = {
			isa = PBXNativeTarget;
			buildConfigurationList = 4AD5EC9F28E6892500A33CD9 /* Build configuration list for PBXNativeTarget "DreamCalendarTests" */;
			buildPhases = (
				4AD5EC8428E6892500A33CD9 /* Sources */,
				4AD5EC8528E6892500A33CD9 /* Frameworks */,
				4AD5EC8628E6892500A33CD9 /* Resources */,
			);
			buildRules = (
			);
			dependencies = (
				4AD5EC8A28E6892500A33CD9 /* PBXTargetDependency */,
			);
			name = DreamCalendarTests;
			productName = DreamCalendarTests;
			productReference = 4AD5EC8828E6892500A33CD9 /* DreamCalendarTests.xctest */;
			productType = "com.apple.product-type.bundle.unit-test";
		};
		4AD5EC9128E6892500A33CD9 /* DreamCalendarUITests */ = {
			isa = PBXNativeTarget;
			buildConfigurationList = 4AD5ECA228E6892500A33CD9 /* Build configuration list for PBXNativeTarget "DreamCalendarUITests" */;
			buildPhases = (
				4AD5EC8E28E6892500A33CD9 /* Sources */,
				4AD5EC8F28E6892500A33CD9 /* Frameworks */,
				4AD5EC9028E6892500A33CD9 /* Resources */,
			);
			buildRules = (
			);
			dependencies = (
				4AD5EC9428E6892500A33CD9 /* PBXTargetDependency */,
			);
			name = DreamCalendarUITests;
			productName = DreamCalendarUITests;
			productReference = 4AD5EC9228E6892500A33CD9 /* DreamCalendarUITests.xctest */;
			productType = "com.apple.product-type.bundle.ui-testing";
		};
/* End PBXNativeTarget section */

/* Begin PBXProject section */
		4AD5EC6728E6892300A33CD9 /* Project object */ = {
			isa = PBXProject;
			attributes = {
				BuildIndependentTargetsInParallel = 1;
				LastSwiftUpdateCheck = 1340;
				LastUpgradeCheck = 1340;
				TargetAttributes = {
					4AD5EC6E28E6892300A33CD9 = {
						CreatedOnToolsVersion = 13.4.1;
					};
					4AD5EC8728E6892500A33CD9 = {
						CreatedOnToolsVersion = 13.4.1;
						TestTargetID = 4AD5EC6E28E6892300A33CD9;
					};
					4AD5EC9128E6892500A33CD9 = {
						CreatedOnToolsVersion = 13.4.1;
						TestTargetID = 4AD5EC6E28E6892300A33CD9;
					};
				};
			};
			buildConfigurationList = 4AD5EC6A28E6892300A33CD9 /* Build configuration list for PBXProject "DreamCalendar" */;
			compatibilityVersion = "Xcode 13.0";
			developmentRegion = en;
			hasScannedForEncodings = 0;
			knownRegions = (
				en,
				Base,
			);
			mainGroup = 4AD5EC6628E6892300A33CD9;
			productRefGroup = 4AD5EC7028E6892300A33CD9 /* Products */;
			projectDirPath = "";
			projectRoot = "";
			targets = (
				4AD5EC6E28E6892300A33CD9 /* DreamCalendar */,
				4AD5EC8728E6892500A33CD9 /* DreamCalendarTests */,
				4AD5EC9128E6892500A33CD9 /* DreamCalendarUITests */,
			);
		};
/* End PBXProject section */

/* Begin PBXResourcesBuildPhase section */
		4AD5EC6D28E6892300A33CD9 /* Resources */ = {
			isa = PBXResourcesBuildPhase;
			buildActionMask = 2147483647;
			files = (
				4AD5EC8228E6892500A33CD9 /* LaunchScreen.storyboard in Resources */,
				4AD5EC7F28E6892500A33CD9 /* Assets.xcassets in Resources */,
				4AD5EC7A28E6892300A33CD9 /* Main.storyboard in Resources */,
			);
			runOnlyForDeploymentPostprocessing = 0;
		};
		4AD5EC8628E6892500A33CD9 /* Resources */ = {
			isa = PBXResourcesBuildPhase;
			buildActionMask = 2147483647;
			files = (
			);
			runOnlyForDeploymentPostprocessing = 0;
		};
		4AD5EC9028E6892500A33CD9 /* Resources */ = {
			isa = PBXResourcesBuildPhase;
			buildActionMask = 2147483647;
			files = (
			);
			runOnlyForDeploymentPostprocessing = 0;
		};
/* End PBXResourcesBuildPhase section */

/* Begin PBXSourcesBuildPhase section */
		4AD5EC6B28E6892300A33CD9 /* Sources */ = {
			isa = PBXSourcesBuildPhase;
			buildActionMask = 2147483647;
			files = (
				4AD5EC7728E6892300A33CD9 /* ViewController.swift in Sources */,
				4AD5EC7D28E6892300A33CD9 /* DreamCalendar.xcdatamodeld in Sources */,
				4AD5EC7328E6892300A33CD9 /* AppDelegate.swift in Sources */,
				4AD5EC7528E6892300A33CD9 /* SceneDelegate.swift in Sources */,
			);
			runOnlyForDeploymentPostprocessing = 0;
		};
		4AD5EC8428E6892500A33CD9 /* Sources */ = {
			isa = PBXSourcesBuildPhase;
			buildActionMask = 2147483647;
			files = (
				4AD5EC8D28E6892500A33CD9 /* DreamCalendarTests.swift in Sources */,
			);
			runOnlyForDeploymentPostprocessing = 0;
		};
		4AD5EC8E28E6892500A33CD9 /* Sources */ = {
			isa = PBXSourcesBuildPhase;
			buildActionMask = 2147483647;
			files = (
				4AD5EC9928E6892500A33CD9 /* DreamCalendarUITestsLaunchTests.swift in Sources */,
				4AD5EC9728E6892500A33CD9 /* DreamCalendarUITests.swift in Sources */,
			);
			runOnlyForDeploymentPostprocessing = 0;
		};
/* End PBXSourcesBuildPhase section */

/* Begin PBXTargetDependency section */
		4AD5EC8A28E6892500A33CD9 /* PBXTargetDependency */ = {
			isa = PBXTargetDependency;
			target = 4AD5EC6E28E6892300A33CD9 /* DreamCalendar */;
			targetProxy = 4AD5EC8928E6892500A33CD9 /* PBXContainerItemProxy */;
		};
		4AD5EC9428E6892500A33CD9 /* PBXTargetDependency */ = {
			isa = PBXTargetDependency;
			target = 4AD5EC6E28E6892300A33CD9 /* DreamCalendar */;
			targetProxy = 4AD5EC9328E6892500A33CD9 /* PBXContainerItemProxy */;
		};
/* End PBXTargetDependency section */

/* Begin PBXVariantGroup section */
		4AD5EC7828E6892300A33CD9 /* Main.storyboard */ = {
			isa = PBXVariantGroup;
			children = (
				4AD5EC7928E6892300A33CD9 /* Base */,
			);
			name = Main.storyboard;
			sourceTree = "<group>";
		};
		4AD5EC8028E6892500A33CD9 /* LaunchScreen.storyboard */ = {
			isa = PBXVariantGroup;
			children = (
				4AD5EC8128E6892500A33CD9 /* Base */,
			);
			name = LaunchScreen.storyboard;
			sourceTree = "<group>";
		};
/* End PBXVariantGroup section */

/* Begin XCBuildConfiguration section */
		4AD5EC9A28E6892500A33CD9 /* Debug */ = {
			isa = XCBuildConfiguration;
			buildSettings = {
				ALWAYS_SEARCH_USER_PATHS = NO;
				CLANG_ANALYZER_NONNULL = YES;
				CLANG_ANALYZER_NUMBER_OBJECT_CONVERSION = YES_AGGRESSIVE;
				CLANG_CXX_LANGUAGE_STANDARD = "gnu++17";
				CLANG_ENABLE_MODULES = YES;
				CLANG_ENABLE_OBJC_ARC = YES;
				CLANG_ENABLE_OBJC_WEAK = YES;
				CLANG_WARN_BLOCK_CAPTURE_AUTORELEASING = YES;
				CLANG_WARN_BOOL_CONVERSION = YES;
				CLANG_WARN_COMMA = YES;
				CLANG_WARN_CONSTANT_CONVERSION = YES;
				CLANG_WARN_DEPRECATED_OBJC_IMPLEMENTATIONS = YES;
				CLANG_WARN_DIRECT_OBJC_ISA_USAGE = YES_ERROR;
				CLANG_WARN_DOCUMENTATION_COMMENTS = YES;
				CLANG_WARN_EMPTY_BODY = YES;
				CLANG_WARN_ENUM_CONVERSION = YES;
				CLANG_WARN_INFINITE_RECURSION = YES;
				CLANG_WARN_INT_CONVERSION = YES;
				CLANG_WARN_NON_LITERAL_NULL_CONVERSION = YES;
				CLANG_WARN_OBJC_IMPLICIT_RETAIN_SELF = YES;
				CLANG_WARN_OBJC_LITERAL_CONVERSION = YES;
				CLANG_WARN_OBJC_ROOT_CLASS = YES_ERROR;
				CLANG_WARN_QUOTED_INCLUDE_IN_FRAMEWORK_HEADER = YES;
				CLANG_WARN_RANGE_LOOP_ANALYSIS = YES;
				CLANG_WARN_STRICT_PROTOTYPES = YES;
				CLANG_WARN_SUSPICIOUS_MOVE = YES;
				CLANG_WARN_UNGUARDED_AVAILABILITY = YES_AGGRESSIVE;
				CLANG_WARN_UNREACHABLE_CODE = YES;
				CLANG_WARN__DUPLICATE_METHOD_MATCH = YES;
				COPY_PHASE_STRIP = NO;
				DEBUG_INFORMATION_FORMAT = dwarf;
				ENABLE_STRICT_OBJC_MSGSEND = YES;
				ENABLE_TESTABILITY = YES;
				GCC_C_LANGUAGE_STANDARD = gnu11;
				GCC_DYNAMIC_NO_PIC = NO;
				GCC_NO_COMMON_BLOCKS = YES;
				GCC_OPTIMIZATION_LEVEL = 0;
				GCC_PREPROCESSOR_DEFINITIONS = (
					"DEBUG=1",
					"$(inherited)",
				);
				GCC_WARN_64_TO_32_BIT_CONVERSION = YES;
				GCC_WARN_ABOUT_RETURN_TYPE = YES_ERROR;
				GCC_WARN_UNDECLARED_SELECTOR = YES;
				GCC_WARN_UNINITIALIZED_AUTOS = YES_AGGRESSIVE;
				GCC_WARN_UNUSED_FUNCTION = YES;
				GCC_WARN_UNUSED_VARIABLE = YES;
				IPHONEOS_DEPLOYMENT_TARGET = 15.5;
				MTL_ENABLE_DEBUG_INFO = INCLUDE_SOURCE;
				MTL_FAST_MATH = YES;
				ONLY_ACTIVE_ARCH = YES;
				SDKROOT = iphoneos;
				SWIFT_ACTIVE_COMPILATION_CONDITIONS = DEBUG;
				SWIFT_OPTIMIZATION_LEVEL = "-Onone";
			};
			name = Debug;
		};
		4AD5EC9B28E6892500A33CD9 /* Release */ = {
			isa = XCBuildConfiguration;
			buildSettings = {
				ALWAYS_SEARCH_USER_PATHS = NO;
				CLANG_ANALYZER_NONNULL = YES;
				CLANG_ANALYZER_NUMBER_OBJECT_CONVERSION = YES_AGGRESSIVE;
				CLANG_CXX_LANGUAGE_STANDARD = "gnu++17";
				CLANG_ENABLE_MODULES = YES;
				CLANG_ENABLE_OBJC_ARC = YES;
				CLANG_ENABLE_OBJC_WEAK = YES;
				CLANG_WARN_BLOCK_CAPTURE_AUTORELEASING = YES;
				CLANG_WARN_BOOL_CONVERSION = YES;
				CLANG_WARN_COMMA = YES;
				CLANG_WARN_CONSTANT_CONVERSION = YES;
				CLANG_WARN_DEPRECATED_OBJC_IMPLEMENTATIONS = YES;
				CLANG_WARN_DIRECT_OBJC_ISA_USAGE = YES_ERROR;
				CLANG_WARN_DOCUMENTATION_COMMENTS = YES;
				CLANG_WARN_EMPTY_BODY = YES;
				CLANG_WARN_ENUM_CONVERSION = YES;
				CLANG_WARN_INFINITE_RECURSION = YES;
				CLANG_WARN_INT_CONVERSION = YES;
				CLANG_WARN_NON_LITERAL_NULL_CONVERSION = YES;
				CLANG_WARN_OBJC_IMPLICIT_RETAIN_SELF = YES;
				CLANG_WARN_OBJC_LITERAL_CONVERSION = YES;
				CLANG_WARN_OBJC_ROOT_CLASS = YES_ERROR;
				CLANG_WARN_QUOTED_INCLUDE_IN_FRAMEWORK_HEADER = YES;
				CLANG_WARN_RANGE_LOOP_ANALYSIS = YES;
				CLANG_WARN_STRICT_PROTOTYPES = YES;
				CLANG_WARN_SUSPICIOUS_MOVE = YES;
				CLANG_WARN_UNGUARDED_AVAILABILITY = YES_AGGRESSIVE;
				CLANG_WARN_UNREACHABLE_CODE = YES;
				CLANG_WARN__DUPLICATE_METHOD_MATCH = YES;
				COPY_PHASE_STRIP = NO;
				DEBUG_INFORMATION_FORMAT = "dwarf-with-dsym";
				ENABLE_NS_ASSERTIONS = NO;
				ENABLE_STRICT_OBJC_MSGSEND = YES;
				GCC_C_LANGUAGE_STANDARD = gnu11;
				GCC_NO_COMMON_BLOCKS = YES;
				GCC_WARN_64_TO_32_BIT_CONVERSION = YES;
				GCC_WARN_ABOUT_RETURN_TYPE = YES_ERROR;
				GCC_WARN_UNDECLARED_SELECTOR = YES;
				GCC_WARN_UNINITIALIZED_AUTOS = YES_AGGRESSIVE;
				GCC_WARN_UNUSED_FUNCTION = YES;
				GCC_WARN_UNUSED_VARIABLE = YES;
				IPHONEOS_DEPLOYMENT_TARGET = 15.5;
				MTL_ENABLE_DEBUG_INFO = NO;
				MTL_FAST_MATH = YES;
				SDKROOT = iphoneos;
				SWIFT_COMPILATION_MODE = wholemodule;
				SWIFT_OPTIMIZATION_LEVEL = "-O";
				VALIDATE_PRODUCT = YES;
			};
			name = Release;
		};
		4AD5EC9D28E6892500A33CD9 /* Debug */ = {
			isa = XCBuildConfiguration;
			buildSettings = {
				ASSETCATALOG_COMPILER_APPICON_NAME = AppIcon;
				ASSETCATALOG_COMPILER_GLOBAL_ACCENT_COLOR_NAME = AccentColor;
				CODE_SIGN_STYLE = Automatic;
				CURRENT_PROJECT_VERSION = 1;
				DEVELOPMENT_TEAM = 4CLMD5ZPC3;
				GENERATE_INFOPLIST_FILE = YES;
				INFOPLIST_FILE = DreamCalendar/Info.plist;
				INFOPLIST_KEY_UIApplicationSupportsIndirectInputEvents = YES;
				INFOPLIST_KEY_UILaunchStoryboardName = LaunchScreen;
				INFOPLIST_KEY_UIMainStoryboardFile = Main;
				INFOPLIST_KEY_UISupportedInterfaceOrientations_iPad = "UIInterfaceOrientationPortrait UIInterfaceOrientationPortraitUpsideDown UIInterfaceOrientationLandscapeLeft UIInterfaceOrientationLandscapeRight";
				INFOPLIST_KEY_UISupportedInterfaceOrientations_iPhone = "UIInterfaceOrientationPortrait UIInterfaceOrientationLandscapeLeft UIInterfaceOrientationLandscapeRight";
				LD_RUNPATH_SEARCH_PATHS = (
					"$(inherited)",
					"@executable_path/Frameworks",
				);
				MARKETING_VERSION = 1.0;
				PRODUCT_BUNDLE_IDENTIFIER = com.dreamtree.DreamCalendar;
				PRODUCT_NAME = "$(TARGET_NAME)";
				SWIFT_EMIT_LOC_STRINGS = YES;
				SWIFT_VERSION = 5.0;
				TARGETED_DEVICE_FAMILY = "1,2";
			};
			name = Debug;
		};
		4AD5EC9E28E6892500A33CD9 /* Release */ = {
			isa = XCBuildConfiguration;
			buildSettings = {
				ASSETCATALOG_COMPILER_APPICON_NAME = AppIcon;
				ASSETCATALOG_COMPILER_GLOBAL_ACCENT_COLOR_NAME = AccentColor;
				CODE_SIGN_STYLE = Automatic;
				CURRENT_PROJECT_VERSION = 1;
				DEVELOPMENT_TEAM = 4CLMD5ZPC3;
				GENERATE_INFOPLIST_FILE = YES;
				INFOPLIST_FILE = DreamCalendar/Info.plist;
				INFOPLIST_KEY_UIApplicationSupportsIndirectInputEvents = YES;
				INFOPLIST_KEY_UILaunchStoryboardName = LaunchScreen;
				INFOPLIST_KEY_UIMainStoryboardFile = Main;
				INFOPLIST_KEY_UISupportedInterfaceOrientations_iPad = "UIInterfaceOrientationPortrait UIInterfaceOrientationPortraitUpsideDown UIInterfaceOrientationLandscapeLeft UIInterfaceOrientationLandscapeRight";
				INFOPLIST_KEY_UISupportedInterfaceOrientations_iPhone = "UIInterfaceOrientationPortrait UIInterfaceOrientationLandscapeLeft UIInterfaceOrientationLandscapeRight";
				LD_RUNPATH_SEARCH_PATHS = (
					"$(inherited)",
					"@executable_path/Frameworks",
				);
				MARKETING_VERSION = 1.0;
				PRODUCT_BUNDLE_IDENTIFIER = com.dreamtree.DreamCalendar;
				PRODUCT_NAME = "$(TARGET_NAME)";
				SWIFT_EMIT_LOC_STRINGS = YES;
				SWIFT_VERSION = 5.0;
				TARGETED_DEVICE_FAMILY = "1,2";
			};
			name = Release;
		};
		4AD5ECA028E6892500A33CD9 /* Debug */ = {
			isa = XCBuildConfiguration;
			buildSettings = {
				ALWAYS_EMBED_SWIFT_STANDARD_LIBRARIES = YES;
				BUNDLE_LOADER = "$(TEST_HOST)";
				CODE_SIGN_STYLE = Automatic;
				CURRENT_PROJECT_VERSION = 1;
				DEVELOPMENT_TEAM = 4CLMD5ZPC3;
				GENERATE_INFOPLIST_FILE = YES;
				IPHONEOS_DEPLOYMENT_TARGET = 15.5;
				MARKETING_VERSION = 1.0;
				PRODUCT_BUNDLE_IDENTIFIER = com.dreamtree.DreamCalendarTests;
				PRODUCT_NAME = "$(TARGET_NAME)";
				SWIFT_EMIT_LOC_STRINGS = NO;
				SWIFT_VERSION = 5.0;
				TARGETED_DEVICE_FAMILY = "1,2";
				TEST_HOST = "$(BUILT_PRODUCTS_DIR)/DreamCalendar.app/DreamCalendar";
			};
			name = Debug;
		};
		4AD5ECA128E6892500A33CD9 /* Release */ = {
			isa = XCBuildConfiguration;
			buildSettings = {
				ALWAYS_EMBED_SWIFT_STANDARD_LIBRARIES = YES;
				BUNDLE_LOADER = "$(TEST_HOST)";
				CODE_SIGN_STYLE = Automatic;
				CURRENT_PROJECT_VERSION = 1;
				DEVELOPMENT_TEAM = 4CLMD5ZPC3;
				GENERATE_INFOPLIST_FILE = YES;
				IPHONEOS_DEPLOYMENT_TARGET = 15.5;
				MARKETING_VERSION = 1.0;
				PRODUCT_BUNDLE_IDENTIFIER = com.dreamtree.DreamCalendarTests;
				PRODUCT_NAME = "$(TARGET_NAME)";
				SWIFT_EMIT_LOC_STRINGS = NO;
				SWIFT_VERSION = 5.0;
				TARGETED_DEVICE_FAMILY = "1,2";
				TEST_HOST = "$(BUILT_PRODUCTS_DIR)/DreamCalendar.app/DreamCalendar";
			};
			name = Release;
		};
		4AD5ECA328E6892500A33CD9 /* Debug */ = {
			isa = XCBuildConfiguration;
			buildSettings = {
				ALWAYS_EMBED_SWIFT_STANDARD_LIBRARIES = YES;
				CODE_SIGN_STYLE = Automatic;
				CURRENT_PROJECT_VERSION = 1;
				DEVELOPMENT_TEAM = 4CLMD5ZPC3;
				GENERATE_INFOPLIST_FILE = YES;
				MARKETING_VERSION = 1.0;
				PRODUCT_BUNDLE_IDENTIFIER = com.dreamtree.DreamCalendarUITests;
				PRODUCT_NAME = "$(TARGET_NAME)";
				SWIFT_EMIT_LOC_STRINGS = NO;
				SWIFT_VERSION = 5.0;
				TARGETED_DEVICE_FAMILY = "1,2";
				TEST_TARGET_NAME = DreamCalendar;
			};
			name = Debug;
		};
		4AD5ECA428E6892500A33CD9 /* Release */ = {
			isa = XCBuildConfiguration;
			buildSettings = {
				ALWAYS_EMBED_SWIFT_STANDARD_LIBRARIES = YES;
				CODE_SIGN_STYLE = Automatic;
				CURRENT_PROJECT_VERSION = 1;
				DEVELOPMENT_TEAM = 4CLMD5ZPC3;
				GENERATE_INFOPLIST_FILE = YES;
				MARKETING_VERSION = 1.0;
				PRODUCT_BUNDLE_IDENTIFIER = com.dreamtree.DreamCalendarUITests;
				PRODUCT_NAME = "$(TARGET_NAME)";
				SWIFT_EMIT_LOC_STRINGS = NO;
				SWIFT_VERSION = 5.0;
				TARGETED_DEVICE_FAMILY = "1,2";
				TEST_TARGET_NAME = DreamCalendar;
			};
			name = Release;
		};
/* End XCBuildConfiguration section */

/* Begin XCConfigurationList section */
		4AD5EC6A28E6892300A33CD9 /* Build configuration list for PBXProject "DreamCalendar" */ = {
			isa = XCConfigurationList;
			buildConfigurations = (
				4AD5EC9A28E6892500A33CD9 /* Debug */,
				4AD5EC9B28E6892500A33CD9 /* Release */,
			);
			defaultConfigurationIsVisible = 0;
			defaultConfigurationName = Release;
		};
		4AD5EC9C28E6892500A33CD9 /* Build configuration list for PBXNativeTarget "DreamCalendar" */ = {
			isa = XCConfigurationList;
			buildConfigurations = (
				4AD5EC9D28E6892500A33CD9 /* Debug */,
				4AD5EC9E28E6892500A33CD9 /* Release */,
			);
			defaultConfigurationIsVisible = 0;
			defaultConfigurationName = Release;
		};
		4AD5EC9F28E6892500A33CD9 /* Build configuration list for PBXNativeTarget "DreamCalendarTests" */ = {
			isa = XCConfigurationList;
			buildConfigurations = (
				4AD5ECA028E6892500A33CD9 /* Debug */,
				4AD5ECA128E6892500A33CD9 /* Release */,
			);
			defaultConfigurationIsVisible = 0;
			defaultConfigurationName = Release;
		};
		4AD5ECA228E6892500A33CD9 /* Build configuration list for PBXNativeTarget "DreamCalendarUITests" */ = {
			isa = XCConfigurationList;
			buildConfigurations = (
				4AD5ECA328E6892500A33CD9 /* Debug */,
				4AD5ECA428E6892500A33CD9 /* Release */,
			);
			defaultConfigurationIsVisible = 0;
			defaultConfigurationName = Release;
		};
/* End XCConfigurationList section */

/* Begin XCVersionGroup section */
		4AD5EC7B28E6892300A33CD9 /* DreamCalendar.xcdatamodeld */ = {
			isa = XCVersionGroup;
			children = (
				4AD5EC7C28E6892300A33CD9 /* DreamCalendar.xcdatamodel */,
			);
			currentVersion = 4AD5EC7C28E6892300A33CD9 /* DreamCalendar.xcdatamodel */;
			path = DreamCalendar.xcdatamodeld;
			sourceTree = "<group>";
			versionGroupType = wrapper.xcdatamodel;
		};
/* End XCVersionGroup section */
	};
	rootObject = 4AD5EC6728E6892300A33CD9 /* Project object */;
}
